# THIS IS AN AUTOGENERATED FILE. DO NOT EDIT THIS FILE DIRECTLY.
# yarn lockfile v1


"@babel/code-frame@7.0.0-beta.56":
  version "7.0.0-beta.56"
  resolved "https://registry.yarnpkg.com/@babel/code-frame/-/code-frame-7.0.0-beta.56.tgz#09f76300673ac085d3b90e02aafa0ffc2c96846a"
  dependencies:
    "@babel/highlight" "7.0.0-beta.56"

"@babel/core@^7.0.0-beta.56":
  version "7.0.0-beta.56"
  resolved "https://registry.yarnpkg.com/@babel/core/-/core-7.0.0-beta.56.tgz#cc03ffbb62564fef58fd1cefcbb3e32011c21df9"
  dependencies:
    "@babel/code-frame" "7.0.0-beta.56"
    "@babel/generator" "7.0.0-beta.56"
    "@babel/helpers" "7.0.0-beta.56"
    "@babel/parser" "7.0.0-beta.56"
    "@babel/template" "7.0.0-beta.56"
    "@babel/traverse" "7.0.0-beta.56"
    "@babel/types" "7.0.0-beta.56"
    convert-source-map "^1.1.0"
    debug "^3.1.0"
    json5 "^0.5.0"
    lodash "^4.17.10"
    resolve "^1.3.2"
    semver "^5.4.1"
    source-map "^0.5.0"

"@babel/generator@7.0.0-beta.56":
  version "7.0.0-beta.56"
  resolved "https://registry.yarnpkg.com/@babel/generator/-/generator-7.0.0-beta.56.tgz#07d9c2f45990c453130e080eddcd252a9cbd8d66"
  dependencies:
    "@babel/types" "7.0.0-beta.56"
    jsesc "^2.5.1"
    lodash "^4.17.10"
    source-map "^0.5.0"
    trim-right "^1.0.1"

"@babel/helper-annotate-as-pure@7.0.0-beta.56":
  version "7.0.0-beta.56"
  resolved "https://registry.yarnpkg.com/@babel/helper-annotate-as-pure/-/helper-annotate-as-pure-7.0.0-beta.56.tgz#3814bfda01ec19f7daac810cc2375932a79acbbc"
  dependencies:
    "@babel/types" "7.0.0-beta.56"

"@babel/helper-builder-binary-assignment-operator-visitor@7.0.0-beta.56":
  version "7.0.0-beta.56"
  resolved "https://registry.yarnpkg.com/@babel/helper-builder-binary-assignment-operator-visitor/-/helper-builder-binary-assignment-operator-visitor-7.0.0-beta.56.tgz#c80d0edb162eb91d44dd5b25c5083cf6d72d7088"
  dependencies:
    "@babel/helper-explode-assignable-expression" "7.0.0-beta.56"
    "@babel/types" "7.0.0-beta.56"

"@babel/helper-call-delegate@7.0.0-beta.56":
  version "7.0.0-beta.56"
  resolved "https://registry.yarnpkg.com/@babel/helper-call-delegate/-/helper-call-delegate-7.0.0-beta.56.tgz#eacdf2f2943be79dfe259011ee8362cd61012acd"
  dependencies:
    "@babel/helper-hoist-variables" "7.0.0-beta.56"
    "@babel/traverse" "7.0.0-beta.56"
    "@babel/types" "7.0.0-beta.56"

"@babel/helper-define-map@7.0.0-beta.56":
  version "7.0.0-beta.56"
  resolved "https://registry.yarnpkg.com/@babel/helper-define-map/-/helper-define-map-7.0.0-beta.56.tgz#2c3d0a584843c2d6fc555f8f80e335eddc34ec38"
  dependencies:
    "@babel/helper-function-name" "7.0.0-beta.56"
    "@babel/types" "7.0.0-beta.56"
    lodash "^4.17.10"

"@babel/helper-explode-assignable-expression@7.0.0-beta.56":
  version "7.0.0-beta.56"
  resolved "https://registry.yarnpkg.com/@babel/helper-explode-assignable-expression/-/helper-explode-assignable-expression-7.0.0-beta.56.tgz#3e21d74e8d46e591dc305c70824561a80d0a53d2"
  dependencies:
    "@babel/traverse" "7.0.0-beta.56"
    "@babel/types" "7.0.0-beta.56"

"@babel/helper-function-name@7.0.0-beta.56":
  version "7.0.0-beta.56"
  resolved "https://registry.yarnpkg.com/@babel/helper-function-name/-/helper-function-name-7.0.0-beta.56.tgz#4e9c8a84ce4368b4a779409d0c4fe3f714be60ab"
  dependencies:
    "@babel/helper-get-function-arity" "7.0.0-beta.56"
    "@babel/template" "7.0.0-beta.56"
    "@babel/types" "7.0.0-beta.56"

"@babel/helper-get-function-arity@7.0.0-beta.56":
  version "7.0.0-beta.56"
  resolved "https://registry.yarnpkg.com/@babel/helper-get-function-arity/-/helper-get-function-arity-7.0.0-beta.56.tgz#872864d67e25705b94d1c71afc72344aafc8dc9c"
  dependencies:
    "@babel/types" "7.0.0-beta.56"

"@babel/helper-hoist-variables@7.0.0-beta.56":
  version "7.0.0-beta.56"
  resolved "https://registry.yarnpkg.com/@babel/helper-hoist-variables/-/helper-hoist-variables-7.0.0-beta.56.tgz#6d32ac403a51b0a19e2144820d53a793a04df263"
  dependencies:
    "@babel/types" "7.0.0-beta.56"

"@babel/helper-member-expression-to-functions@7.0.0-beta.56":
  version "7.0.0-beta.56"
  resolved "https://registry.yarnpkg.com/@babel/helper-member-expression-to-functions/-/helper-member-expression-to-functions-7.0.0-beta.56.tgz#f7d8d673e140c1bf051abf9661652788ae37b1b4"
  dependencies:
    "@babel/types" "7.0.0-beta.56"

"@babel/helper-module-imports@7.0.0-beta.56":
  version "7.0.0-beta.56"
  resolved "https://registry.yarnpkg.com/@babel/helper-module-imports/-/helper-module-imports-7.0.0-beta.56.tgz#edf9494ef1f36674bb19cec9ea142b70f186406d"
  dependencies:
    "@babel/types" "7.0.0-beta.56"
    lodash "^4.17.10"

"@babel/helper-module-transforms@7.0.0-beta.56":
  version "7.0.0-beta.56"
  resolved "https://registry.yarnpkg.com/@babel/helper-module-transforms/-/helper-module-transforms-7.0.0-beta.56.tgz#327ba3bd62bcfa597b008f48c0826cdc690ba944"
  dependencies:
    "@babel/helper-module-imports" "7.0.0-beta.56"
    "@babel/helper-simple-access" "7.0.0-beta.56"
    "@babel/helper-split-export-declaration" "7.0.0-beta.56"
    "@babel/template" "7.0.0-beta.56"
    "@babel/types" "7.0.0-beta.56"
    lodash "^4.17.10"

"@babel/helper-optimise-call-expression@7.0.0-beta.56":
  version "7.0.0-beta.56"
  resolved "https://registry.yarnpkg.com/@babel/helper-optimise-call-expression/-/helper-optimise-call-expression-7.0.0-beta.56.tgz#e9814da0d175ca39901f2d895d6dfef658fe8953"
  dependencies:
    "@babel/types" "7.0.0-beta.56"

"@babel/helper-plugin-utils@7.0.0-beta.56":
  version "7.0.0-beta.56"
  resolved "https://registry.yarnpkg.com/@babel/helper-plugin-utils/-/helper-plugin-utils-7.0.0-beta.56.tgz#e5f63cae8b3b716825d64e69ad8b59d71cd2080c"

"@babel/helper-regex@7.0.0-beta.56":
  version "7.0.0-beta.56"
  resolved "https://registry.yarnpkg.com/@babel/helper-regex/-/helper-regex-7.0.0-beta.56.tgz#88d8a15c853892f603193e5adf10c428cd588fc0"
  dependencies:
    lodash "^4.17.10"

"@babel/helper-remap-async-to-generator@7.0.0-beta.56":
  version "7.0.0-beta.56"
  resolved "https://registry.yarnpkg.com/@babel/helper-remap-async-to-generator/-/helper-remap-async-to-generator-7.0.0-beta.56.tgz#e5c8958f324395c16606b85ecdf4de1335eaa541"
  dependencies:
    "@babel/helper-annotate-as-pure" "7.0.0-beta.56"
    "@babel/helper-wrap-function" "7.0.0-beta.56"
    "@babel/template" "7.0.0-beta.56"
    "@babel/traverse" "7.0.0-beta.56"
    "@babel/types" "7.0.0-beta.56"

"@babel/helper-replace-supers@7.0.0-beta.56":
  version "7.0.0-beta.56"
  resolved "https://registry.yarnpkg.com/@babel/helper-replace-supers/-/helper-replace-supers-7.0.0-beta.56.tgz#52f25c16b3dee1f4e8cd96eb4d1d7f9af9db18d8"
  dependencies:
    "@babel/helper-member-expression-to-functions" "7.0.0-beta.56"
    "@babel/helper-optimise-call-expression" "7.0.0-beta.56"
    "@babel/traverse" "7.0.0-beta.56"
    "@babel/types" "7.0.0-beta.56"

"@babel/helper-simple-access@7.0.0-beta.56":
  version "7.0.0-beta.56"
  resolved "https://registry.yarnpkg.com/@babel/helper-simple-access/-/helper-simple-access-7.0.0-beta.56.tgz#bb6569e0ada73f408ca6e00514f9ca2c02970c0d"
  dependencies:
    "@babel/template" "7.0.0-beta.56"
    "@babel/types" "7.0.0-beta.56"
    lodash "^4.17.10"

"@babel/helper-split-export-declaration@7.0.0-beta.56":
  version "7.0.0-beta.56"
  resolved "https://registry.yarnpkg.com/@babel/helper-split-export-declaration/-/helper-split-export-declaration-7.0.0-beta.56.tgz#82d53382836134ba3ed0ea2394ca21fe579ec241"
  dependencies:
    "@babel/types" "7.0.0-beta.56"

"@babel/helper-wrap-function@7.0.0-beta.56":
  version "7.0.0-beta.56"
  resolved "https://registry.yarnpkg.com/@babel/helper-wrap-function/-/helper-wrap-function-7.0.0-beta.56.tgz#e493eff444f161569c2c0091a7bd60670fc03d8d"
  dependencies:
    "@babel/helper-function-name" "7.0.0-beta.56"
    "@babel/template" "7.0.0-beta.56"
    "@babel/traverse" "7.0.0-beta.56"
    "@babel/types" "7.0.0-beta.56"

"@babel/helpers@7.0.0-beta.56":
  version "7.0.0-beta.56"
  resolved "https://registry.yarnpkg.com/@babel/helpers/-/helpers-7.0.0-beta.56.tgz#a01cac1481c6fa38197ae410137539045b160443"
  dependencies:
    "@babel/template" "7.0.0-beta.56"
    "@babel/traverse" "7.0.0-beta.56"
    "@babel/types" "7.0.0-beta.56"

"@babel/highlight@7.0.0-beta.56":
  version "7.0.0-beta.56"
  resolved "https://registry.yarnpkg.com/@babel/highlight/-/highlight-7.0.0-beta.56.tgz#f8b0fc8c5c2de53bb2c12f9001ad3d99e573696d"
  dependencies:
    chalk "^2.0.0"
    esutils "^2.0.2"
    js-tokens "^3.0.0"

"@babel/node@^7.0.0-beta.56":
  version "7.0.0-beta.56"
  resolved "https://registry.yarnpkg.com/@babel/node/-/node-7.0.0-beta.56.tgz#ec6d2599c543fd46b07efb81678d84f8be7eaffa"
  dependencies:
    "@babel/polyfill" "7.0.0-beta.56"
    "@babel/register" "7.0.0-beta.56"
    commander "^2.8.1"
    fs-readdir-recursive "^1.0.0"
    lodash "^4.17.10"
    output-file-sync "^2.0.0"
    v8flags "^3.1.1"

"@babel/parser@7.0.0-beta.56":
  version "7.0.0-beta.56"
  resolved "https://registry.yarnpkg.com/@babel/parser/-/parser-7.0.0-beta.56.tgz#8638aa02e0130cd10b2ba4128e2b804112073ed3"

"@babel/plugin-proposal-async-generator-functions@7.0.0-beta.56":
  version "7.0.0-beta.56"
  resolved "https://registry.yarnpkg.com/@babel/plugin-proposal-async-generator-functions/-/plugin-proposal-async-generator-functions-7.0.0-beta.56.tgz#078b8763a7423c99dfb7af8906966fc6b667dfb1"
  dependencies:
    "@babel/helper-plugin-utils" "7.0.0-beta.56"
    "@babel/helper-remap-async-to-generator" "7.0.0-beta.56"
    "@babel/plugin-syntax-async-generators" "7.0.0-beta.56"

"@babel/plugin-proposal-object-rest-spread@7.0.0-beta.56":
  version "7.0.0-beta.56"
  resolved "https://registry.yarnpkg.com/@babel/plugin-proposal-object-rest-spread/-/plugin-proposal-object-rest-spread-7.0.0-beta.56.tgz#5a8b8c89e94155d766baacdf8e50ea7dead96741"
  dependencies:
    "@babel/helper-plugin-utils" "7.0.0-beta.56"
    "@babel/plugin-syntax-object-rest-spread" "7.0.0-beta.56"

"@babel/plugin-proposal-optional-catch-binding@7.0.0-beta.56":
  version "7.0.0-beta.56"
  resolved "https://registry.yarnpkg.com/@babel/plugin-proposal-optional-catch-binding/-/plugin-proposal-optional-catch-binding-7.0.0-beta.56.tgz#0b0afe131ba4b42f0961435cfec0f4d5525fe06c"
  dependencies:
    "@babel/helper-plugin-utils" "7.0.0-beta.56"
    "@babel/plugin-syntax-optional-catch-binding" "7.0.0-beta.56"

"@babel/plugin-proposal-unicode-property-regex@7.0.0-beta.56":
  version "7.0.0-beta.56"
  resolved "https://registry.yarnpkg.com/@babel/plugin-proposal-unicode-property-regex/-/plugin-proposal-unicode-property-regex-7.0.0-beta.56.tgz#df00a82966ebaf2ddd3a7fee8f746dbbf0013956"
  dependencies:
    "@babel/helper-plugin-utils" "7.0.0-beta.56"
    "@babel/helper-regex" "7.0.0-beta.56"
    regexpu-core "^4.2.0"

"@babel/plugin-syntax-async-generators@7.0.0-beta.56":
  version "7.0.0-beta.56"
  resolved "https://registry.yarnpkg.com/@babel/plugin-syntax-async-generators/-/plugin-syntax-async-generators-7.0.0-beta.56.tgz#e784a9f104fa9df3a6273079a8be7ef5085259ea"
  dependencies:
    "@babel/helper-plugin-utils" "7.0.0-beta.56"

"@babel/plugin-syntax-object-rest-spread@7.0.0-beta.56":
  version "7.0.0-beta.56"
  resolved "https://registry.yarnpkg.com/@babel/plugin-syntax-object-rest-spread/-/plugin-syntax-object-rest-spread-7.0.0-beta.56.tgz#ebcb1406eaadb1307df02b2ebbc91fd069729f73"
  dependencies:
    "@babel/helper-plugin-utils" "7.0.0-beta.56"

"@babel/plugin-syntax-optional-catch-binding@7.0.0-beta.56":
  version "7.0.0-beta.56"
  resolved "https://registry.yarnpkg.com/@babel/plugin-syntax-optional-catch-binding/-/plugin-syntax-optional-catch-binding-7.0.0-beta.56.tgz#3606e382384507b71adaf2f2f239395c5695ec2c"
  dependencies:
    "@babel/helper-plugin-utils" "7.0.0-beta.56"

"@babel/plugin-transform-arrow-functions@7.0.0-beta.56":
  version "7.0.0-beta.56"
  resolved "https://registry.yarnpkg.com/@babel/plugin-transform-arrow-functions/-/plugin-transform-arrow-functions-7.0.0-beta.56.tgz#b547c40003f6795a824c3af501dc963acc6b2492"
  dependencies:
    "@babel/helper-plugin-utils" "7.0.0-beta.56"

"@babel/plugin-transform-async-to-generator@7.0.0-beta.56":
  version "7.0.0-beta.56"
  resolved "https://registry.yarnpkg.com/@babel/plugin-transform-async-to-generator/-/plugin-transform-async-to-generator-7.0.0-beta.56.tgz#1ce419953fc3c4364ab95442653e4bd460815ed3"
  dependencies:
    "@babel/helper-module-imports" "7.0.0-beta.56"
    "@babel/helper-plugin-utils" "7.0.0-beta.56"
    "@babel/helper-remap-async-to-generator" "7.0.0-beta.56"

"@babel/plugin-transform-block-scoped-functions@7.0.0-beta.56":
  version "7.0.0-beta.56"
  resolved "https://registry.yarnpkg.com/@babel/plugin-transform-block-scoped-functions/-/plugin-transform-block-scoped-functions-7.0.0-beta.56.tgz#ad6fe88ef1b1d5c6f301a13e5185942e963202c3"
  dependencies:
    "@babel/helper-plugin-utils" "7.0.0-beta.56"

"@babel/plugin-transform-block-scoping@7.0.0-beta.56":
  version "7.0.0-beta.56"
  resolved "https://registry.yarnpkg.com/@babel/plugin-transform-block-scoping/-/plugin-transform-block-scoping-7.0.0-beta.56.tgz#b4a3ec153d19b92680db95f4c3823b88e6f93197"
  dependencies:
    "@babel/helper-plugin-utils" "7.0.0-beta.56"
    lodash "^4.17.10"

"@babel/plugin-transform-classes@7.0.0-beta.56":
  version "7.0.0-beta.56"
  resolved "https://registry.yarnpkg.com/@babel/plugin-transform-classes/-/plugin-transform-classes-7.0.0-beta.56.tgz#99b405dee3fb466c09c1e0874e795f4682ee690d"
  dependencies:
    "@babel/helper-annotate-as-pure" "7.0.0-beta.56"
    "@babel/helper-define-map" "7.0.0-beta.56"
    "@babel/helper-function-name" "7.0.0-beta.56"
    "@babel/helper-optimise-call-expression" "7.0.0-beta.56"
    "@babel/helper-plugin-utils" "7.0.0-beta.56"
    "@babel/helper-replace-supers" "7.0.0-beta.56"
    "@babel/helper-split-export-declaration" "7.0.0-beta.56"
    globals "^11.1.0"

"@babel/plugin-transform-computed-properties@7.0.0-beta.56":
  version "7.0.0-beta.56"
  resolved "https://registry.yarnpkg.com/@babel/plugin-transform-computed-properties/-/plugin-transform-computed-properties-7.0.0-beta.56.tgz#774e705279d5ca3bdb132d93b6a7fc046a660608"
  dependencies:
    "@babel/helper-plugin-utils" "7.0.0-beta.56"

"@babel/plugin-transform-destructuring@7.0.0-beta.56":
  version "7.0.0-beta.56"
  resolved "https://registry.yarnpkg.com/@babel/plugin-transform-destructuring/-/plugin-transform-destructuring-7.0.0-beta.56.tgz#41ab43ad5a885b73cc44192948109076a95c2bf0"
  dependencies:
    "@babel/helper-plugin-utils" "7.0.0-beta.56"

"@babel/plugin-transform-dotall-regex@7.0.0-beta.56":
  version "7.0.0-beta.56"
  resolved "https://registry.yarnpkg.com/@babel/plugin-transform-dotall-regex/-/plugin-transform-dotall-regex-7.0.0-beta.56.tgz#f8586e81e4d5f6609f1b7be0dcbce77a2bd3bd24"
  dependencies:
    "@babel/helper-plugin-utils" "7.0.0-beta.56"
    "@babel/helper-regex" "7.0.0-beta.56"
    regexpu-core "^4.1.3"

"@babel/plugin-transform-duplicate-keys@7.0.0-beta.56":
  version "7.0.0-beta.56"
  resolved "https://registry.yarnpkg.com/@babel/plugin-transform-duplicate-keys/-/plugin-transform-duplicate-keys-7.0.0-beta.56.tgz#8217b5a3c3ef078009e64989b0c6bdb3a5ad9960"
  dependencies:
    "@babel/helper-plugin-utils" "7.0.0-beta.56"

"@babel/plugin-transform-exponentiation-operator@7.0.0-beta.56":
  version "7.0.0-beta.56"
  resolved "https://registry.yarnpkg.com/@babel/plugin-transform-exponentiation-operator/-/plugin-transform-exponentiation-operator-7.0.0-beta.56.tgz#da1c786c70af6249d142771d408dc1abb2fb8871"
  dependencies:
    "@babel/helper-builder-binary-assignment-operator-visitor" "7.0.0-beta.56"
    "@babel/helper-plugin-utils" "7.0.0-beta.56"

"@babel/plugin-transform-for-of@7.0.0-beta.56":
  version "7.0.0-beta.56"
  resolved "https://registry.yarnpkg.com/@babel/plugin-transform-for-of/-/plugin-transform-for-of-7.0.0-beta.56.tgz#a95335820f8dedf30b96ec03e4cac09a5bb4edf2"
  dependencies:
    "@babel/helper-plugin-utils" "7.0.0-beta.56"

"@babel/plugin-transform-function-name@7.0.0-beta.56":
  version "7.0.0-beta.56"
  resolved "https://registry.yarnpkg.com/@babel/plugin-transform-function-name/-/plugin-transform-function-name-7.0.0-beta.56.tgz#7382a1cc8df0d8b04be36d83773dd6b451ddd045"
  dependencies:
    "@babel/helper-function-name" "7.0.0-beta.56"
    "@babel/helper-plugin-utils" "7.0.0-beta.56"

"@babel/plugin-transform-literals@7.0.0-beta.56":
  version "7.0.0-beta.56"
  resolved "https://registry.yarnpkg.com/@babel/plugin-transform-literals/-/plugin-transform-literals-7.0.0-beta.56.tgz#5f6d3d0dad64c52df64fe8654a8e6d6fd884d60f"
  dependencies:
    "@babel/helper-plugin-utils" "7.0.0-beta.56"

"@babel/plugin-transform-modules-amd@7.0.0-beta.56":
  version "7.0.0-beta.56"
  resolved "https://registry.yarnpkg.com/@babel/plugin-transform-modules-amd/-/plugin-transform-modules-amd-7.0.0-beta.56.tgz#000ae2a3f41a9dd43d55211df3fcc74ac8e17418"
  dependencies:
    "@babel/helper-module-transforms" "7.0.0-beta.56"
    "@babel/helper-plugin-utils" "7.0.0-beta.56"

"@babel/plugin-transform-modules-commonjs@7.0.0-beta.56":
  version "7.0.0-beta.56"
  resolved "https://registry.yarnpkg.com/@babel/plugin-transform-modules-commonjs/-/plugin-transform-modules-commonjs-7.0.0-beta.56.tgz#d0c96de58d11c032d9098b891b25874a387f496c"
  dependencies:
    "@babel/helper-module-transforms" "7.0.0-beta.56"
    "@babel/helper-plugin-utils" "7.0.0-beta.56"
    "@babel/helper-simple-access" "7.0.0-beta.56"

"@babel/plugin-transform-modules-systemjs@7.0.0-beta.56":
  version "7.0.0-beta.56"
  resolved "https://registry.yarnpkg.com/@babel/plugin-transform-modules-systemjs/-/plugin-transform-modules-systemjs-7.0.0-beta.56.tgz#7aecc2a886a151aabfe86e5c01811f5cf9c27d04"
  dependencies:
    "@babel/helper-hoist-variables" "7.0.0-beta.56"
    "@babel/helper-plugin-utils" "7.0.0-beta.56"

"@babel/plugin-transform-modules-umd@7.0.0-beta.56":
  version "7.0.0-beta.56"
  resolved "https://registry.yarnpkg.com/@babel/plugin-transform-modules-umd/-/plugin-transform-modules-umd-7.0.0-beta.56.tgz#1dd72699fd8fbafda4c259318771d97f91cd8410"
  dependencies:
    "@babel/helper-module-transforms" "7.0.0-beta.56"
    "@babel/helper-plugin-utils" "7.0.0-beta.56"

"@babel/plugin-transform-new-target@7.0.0-beta.56":
  version "7.0.0-beta.56"
  resolved "https://registry.yarnpkg.com/@babel/plugin-transform-new-target/-/plugin-transform-new-target-7.0.0-beta.56.tgz#a8b219cece600e57cdc372b8a41c21e01f8165d8"
  dependencies:
    "@babel/helper-plugin-utils" "7.0.0-beta.56"

"@babel/plugin-transform-object-super@7.0.0-beta.56":
  version "7.0.0-beta.56"
  resolved "https://registry.yarnpkg.com/@babel/plugin-transform-object-super/-/plugin-transform-object-super-7.0.0-beta.56.tgz#b02d5d99aeffd9770e2a5de95260bf720f90ebab"
  dependencies:
    "@babel/helper-plugin-utils" "7.0.0-beta.56"
    "@babel/helper-replace-supers" "7.0.0-beta.56"

"@babel/plugin-transform-parameters@7.0.0-beta.56":
  version "7.0.0-beta.56"
  resolved "https://registry.yarnpkg.com/@babel/plugin-transform-parameters/-/plugin-transform-parameters-7.0.0-beta.56.tgz#9010f8743e8bb213e14c1fe9f801588e509f46b1"
  dependencies:
    "@babel/helper-call-delegate" "7.0.0-beta.56"
    "@babel/helper-get-function-arity" "7.0.0-beta.56"
    "@babel/helper-plugin-utils" "7.0.0-beta.56"

"@babel/plugin-transform-regenerator@7.0.0-beta.56":
  version "7.0.0-beta.56"
  resolved "https://registry.yarnpkg.com/@babel/plugin-transform-regenerator/-/plugin-transform-regenerator-7.0.0-beta.56.tgz#03999df0a27e5cc38686d90e83be0190660f3960"
  dependencies:
    regenerator-transform "^0.13.3"

"@babel/plugin-transform-shorthand-properties@7.0.0-beta.56":
  version "7.0.0-beta.56"
  resolved "https://registry.yarnpkg.com/@babel/plugin-transform-shorthand-properties/-/plugin-transform-shorthand-properties-7.0.0-beta.56.tgz#bf78900f016774a28d56ec8e83d0cec4d662b7ff"
  dependencies:
    "@babel/helper-plugin-utils" "7.0.0-beta.56"

"@babel/plugin-transform-spread@7.0.0-beta.56":
  version "7.0.0-beta.56"
  resolved "https://registry.yarnpkg.com/@babel/plugin-transform-spread/-/plugin-transform-spread-7.0.0-beta.56.tgz#a8681e7d78b648b7170a211068bea31aaedf0ea2"
  dependencies:
    "@babel/helper-plugin-utils" "7.0.0-beta.56"

"@babel/plugin-transform-sticky-regex@7.0.0-beta.56":
  version "7.0.0-beta.56"
  resolved "https://registry.yarnpkg.com/@babel/plugin-transform-sticky-regex/-/plugin-transform-sticky-regex-7.0.0-beta.56.tgz#89b37d31fac03f0c87b99dd7b190159d098f7398"
  dependencies:
    "@babel/helper-plugin-utils" "7.0.0-beta.56"
    "@babel/helper-regex" "7.0.0-beta.56"

"@babel/plugin-transform-template-literals@7.0.0-beta.56":
  version "7.0.0-beta.56"
  resolved "https://registry.yarnpkg.com/@babel/plugin-transform-template-literals/-/plugin-transform-template-literals-7.0.0-beta.56.tgz#2ddc47b1b26f60bf8d755d71d4b8e1440ebad2c7"
  dependencies:
    "@babel/helper-annotate-as-pure" "7.0.0-beta.56"
    "@babel/helper-plugin-utils" "7.0.0-beta.56"

"@babel/plugin-transform-typeof-symbol@7.0.0-beta.56":
  version "7.0.0-beta.56"
  resolved "https://registry.yarnpkg.com/@babel/plugin-transform-typeof-symbol/-/plugin-transform-typeof-symbol-7.0.0-beta.56.tgz#76160d2bfee43b7d4ea07cf3c51dd7fa6578f8ec"
  dependencies:
    "@babel/helper-plugin-utils" "7.0.0-beta.56"

"@babel/plugin-transform-unicode-regex@7.0.0-beta.56":
  version "7.0.0-beta.56"
  resolved "https://registry.yarnpkg.com/@babel/plugin-transform-unicode-regex/-/plugin-transform-unicode-regex-7.0.0-beta.56.tgz#b3fad34e9c5a6d4181af443713d9e38a292c8bb0"
  dependencies:
    "@babel/helper-plugin-utils" "7.0.0-beta.56"
    "@babel/helper-regex" "7.0.0-beta.56"
    regexpu-core "^4.1.3"

"@babel/polyfill@7.0.0-beta.56":
  version "7.0.0-beta.56"
  resolved "https://registry.yarnpkg.com/@babel/polyfill/-/polyfill-7.0.0-beta.56.tgz#6942d474d0e9cee7124477df11e97ba192764919"
  dependencies:
    core-js "^2.5.7"
    regenerator-runtime "^0.11.1"

"@babel/preset-env@^7.0.0-beta.56":
  version "7.0.0-beta.56"
  resolved "https://registry.yarnpkg.com/@babel/preset-env/-/preset-env-7.0.0-beta.56.tgz#1d00bb1768c422b363be214c12f3b99dc5e4cc0c"
  dependencies:
    "@babel/helper-module-imports" "7.0.0-beta.56"
    "@babel/helper-plugin-utils" "7.0.0-beta.56"
    "@babel/plugin-proposal-async-generator-functions" "7.0.0-beta.56"
    "@babel/plugin-proposal-object-rest-spread" "7.0.0-beta.56"
    "@babel/plugin-proposal-optional-catch-binding" "7.0.0-beta.56"
    "@babel/plugin-proposal-unicode-property-regex" "7.0.0-beta.56"
    "@babel/plugin-syntax-async-generators" "7.0.0-beta.56"
    "@babel/plugin-syntax-object-rest-spread" "7.0.0-beta.56"
    "@babel/plugin-syntax-optional-catch-binding" "7.0.0-beta.56"
    "@babel/plugin-transform-arrow-functions" "7.0.0-beta.56"
    "@babel/plugin-transform-async-to-generator" "7.0.0-beta.56"
    "@babel/plugin-transform-block-scoped-functions" "7.0.0-beta.56"
    "@babel/plugin-transform-block-scoping" "7.0.0-beta.56"
    "@babel/plugin-transform-classes" "7.0.0-beta.56"
    "@babel/plugin-transform-computed-properties" "7.0.0-beta.56"
    "@babel/plugin-transform-destructuring" "7.0.0-beta.56"
    "@babel/plugin-transform-dotall-regex" "7.0.0-beta.56"
    "@babel/plugin-transform-duplicate-keys" "7.0.0-beta.56"
    "@babel/plugin-transform-exponentiation-operator" "7.0.0-beta.56"
    "@babel/plugin-transform-for-of" "7.0.0-beta.56"
    "@babel/plugin-transform-function-name" "7.0.0-beta.56"
    "@babel/plugin-transform-literals" "7.0.0-beta.56"
    "@babel/plugin-transform-modules-amd" "7.0.0-beta.56"
    "@babel/plugin-transform-modules-commonjs" "7.0.0-beta.56"
    "@babel/plugin-transform-modules-systemjs" "7.0.0-beta.56"
    "@babel/plugin-transform-modules-umd" "7.0.0-beta.56"
    "@babel/plugin-transform-new-target" "7.0.0-beta.56"
    "@babel/plugin-transform-object-super" "7.0.0-beta.56"
    "@babel/plugin-transform-parameters" "7.0.0-beta.56"
    "@babel/plugin-transform-regenerator" "7.0.0-beta.56"
    "@babel/plugin-transform-shorthand-properties" "7.0.0-beta.56"
    "@babel/plugin-transform-spread" "7.0.0-beta.56"
    "@babel/plugin-transform-sticky-regex" "7.0.0-beta.56"
    "@babel/plugin-transform-template-literals" "7.0.0-beta.56"
    "@babel/plugin-transform-typeof-symbol" "7.0.0-beta.56"
    "@babel/plugin-transform-unicode-regex" "7.0.0-beta.56"
    browserslist "^3.0.0"
    invariant "^2.2.2"
    js-levenshtein "^1.1.3"
    semver "^5.3.0"

"@babel/register@7.0.0-beta.56":
  version "7.0.0-beta.56"
  resolved "https://registry.yarnpkg.com/@babel/register/-/register-7.0.0-beta.56.tgz#bc228ccb87308bbf9dc0d2b4e1dca0490ac178cb"
  dependencies:
    core-js "^2.5.7"
    find-cache-dir "^1.0.0"
    home-or-tmp "^3.0.0"
    lodash "^4.17.10"
    mkdirp "^0.5.1"
    pirates "^4.0.0"
    source-map-support "^0.4.2"

"@babel/template@7.0.0-beta.56":
  version "7.0.0-beta.56"
  resolved "https://registry.yarnpkg.com/@babel/template/-/template-7.0.0-beta.56.tgz#a428197e0c9db142f8581cbfdcfa9289b0dd7fd7"
  dependencies:
    "@babel/code-frame" "7.0.0-beta.56"
    "@babel/parser" "7.0.0-beta.56"
    "@babel/types" "7.0.0-beta.56"
    lodash "^4.17.10"

"@babel/traverse@7.0.0-beta.56":
  version "7.0.0-beta.56"
  resolved "https://registry.yarnpkg.com/@babel/traverse/-/traverse-7.0.0-beta.56.tgz#62fdfe69328cfaad414ef01844f5ab40e32f4ad0"
  dependencies:
    "@babel/code-frame" "7.0.0-beta.56"
    "@babel/generator" "7.0.0-beta.56"
    "@babel/helper-function-name" "7.0.0-beta.56"
    "@babel/helper-split-export-declaration" "7.0.0-beta.56"
    "@babel/parser" "7.0.0-beta.56"
    "@babel/types" "7.0.0-beta.56"
    debug "^3.1.0"
    globals "^11.1.0"
    lodash "^4.17.10"

"@babel/types@7.0.0-beta.56":
  version "7.0.0-beta.56"
  resolved "https://registry.yarnpkg.com/@babel/types/-/types-7.0.0-beta.56.tgz#df456947a82510ec30361971e566110d89489056"
  dependencies:
    esutils "^2.0.2"
    lodash "^4.17.10"
    to-fast-properties "^2.0.0"

ansi-styles@^3.2.1:
  version "3.2.1"
  resolved "https://registry.yarnpkg.com/ansi-styles/-/ansi-styles-3.2.1.tgz#41fbb20243e50b12be0f04b8dedbf07520ce841d"
  dependencies:
    color-convert "^1.9.0"

browserslist@^3.0.0:
  version "3.2.8"
  resolved "https://registry.yarnpkg.com/browserslist/-/browserslist-3.2.8.tgz#b0005361d6471f0f5952797a76fc985f1f978fc6"
  dependencies:
    caniuse-lite "^1.0.30000844"
    electron-to-chromium "^1.3.47"

buffer-writer@1.0.1:
  version "1.0.1"
  resolved "https://registry.yarnpkg.com/buffer-writer/-/buffer-writer-1.0.1.tgz#22a936901e3029afcd7547eb4487ceb697a3bf08"

caniuse-lite@^1.0.30000844:
  version "1.0.30000865"
  resolved "https://registry.yarnpkg.com/caniuse-lite/-/caniuse-lite-1.0.30000865.tgz#70026616e8afe6e1442f8bb4e1092987d81a2f25"

chalk@^2.0.0:
  version "2.4.1"
  resolved "https://registry.yarnpkg.com/chalk/-/chalk-2.4.1.tgz#18c49ab16a037b6eb0152cc83e3471338215b66e"
  dependencies:
    ansi-styles "^3.2.1"
    escape-string-regexp "^1.0.5"
    supports-color "^5.3.0"

color-convert@^1.9.0:
  version "1.9.2"
  resolved "https://registry.yarnpkg.com/color-convert/-/color-convert-1.9.2.tgz#49881b8fba67df12a96bdf3f56c0aab9e7913147"
  dependencies:
    color-name "1.1.1"

color-name@1.1.1:
  version "1.1.1"
  resolved "https://registry.yarnpkg.com/color-name/-/color-name-1.1.1.tgz#4b1415304cf50028ea81643643bd82ea05803689"

commander@^2.8.1:
  version "2.16.0"
  resolved "https://registry.yarnpkg.com/commander/-/commander-2.16.0.tgz#f16390593996ceb4f3eeb020b31d78528f7f8a50"

commondir@^1.0.1:
  version "1.0.1"
  resolved "https://registry.yarnpkg.com/commondir/-/commondir-1.0.1.tgz#ddd800da0c66127393cca5950ea968a3aaf1253b"

convert-source-map@^1.1.0:
  version "1.5.1"
  resolved "https://registry.yarnpkg.com/convert-source-map/-/convert-source-map-1.5.1.tgz#b8278097b9bc229365de5c62cf5fcaed8b5599e5"

core-js@^2.5.7:
  version "2.5.7"
  resolved "https://registry.yarnpkg.com/core-js/-/core-js-2.5.7.tgz#f972608ff0cead68b841a16a932d0b183791814e"

debug@^3.1.0:
  version "3.1.0"
  resolved "https://registry.yarnpkg.com/debug/-/debug-3.1.0.tgz#5bb5a0672628b64149566ba16819e61518c67261"
  dependencies:
    ms "2.0.0"

electron-to-chromium@^1.3.47:
  version "1.3.52"
  resolved "https://registry.yarnpkg.com/electron-to-chromium/-/electron-to-chromium-1.3.52.tgz#d2d9f1270ba4a3b967b831c40ef71fb4d9ab5ce0"

escape-string-regexp@^1.0.5:
  version "1.0.5"
  resolved "https://registry.yarnpkg.com/escape-string-regexp/-/escape-string-regexp-1.0.5.tgz#1b61c0562190a8dff6ae3bb2cf0200ca130b86d4"

esutils@^2.0.2:
  version "2.0.2"
  resolved "https://registry.yarnpkg.com/esutils/-/esutils-2.0.2.tgz#0abf4f1caa5bcb1f7a9d8acc6dea4faaa04bac9b"

find-cache-dir@^1.0.0:
  version "1.0.0"
  resolved "https://registry.yarnpkg.com/find-cache-dir/-/find-cache-dir-1.0.0.tgz#9288e3e9e3cc3748717d39eade17cf71fc30ee6f"
  dependencies:
    commondir "^1.0.1"
    make-dir "^1.0.0"
    pkg-dir "^2.0.0"

find-up@^2.1.0:
  version "2.1.0"
  resolved "https://registry.yarnpkg.com/find-up/-/find-up-2.1.0.tgz#45d1b7e506c717ddd482775a2b77920a3c0c57a7"
  dependencies:
    locate-path "^2.0.0"

fs-readdir-recursive@^1.0.0:
  version "1.1.0"
  resolved "https://registry.yarnpkg.com/fs-readdir-recursive/-/fs-readdir-recursive-1.1.0.tgz#e32fc030a2ccee44a6b5371308da54be0b397d27"

globals@^11.1.0:
  version "11.7.0"
  resolved "https://registry.yarnpkg.com/globals/-/globals-11.7.0.tgz#a583faa43055b1aca771914bf68258e2fc125673"

graceful-fs@^4.1.11:
  version "4.1.11"
  resolved "https://registry.yarnpkg.com/graceful-fs/-/graceful-fs-4.1.11.tgz#0e8bdfe4d1ddb8854d64e04ea7c00e2a026e5658"

has-flag@^3.0.0:
  version "3.0.0"
  resolved "https://registry.yarnpkg.com/has-flag/-/has-flag-3.0.0.tgz#b5d454dc2199ae225699f3467e5a07f3b955bafd"

home-or-tmp@^3.0.0:
  version "3.0.0"
  resolved "https://registry.yarnpkg.com/home-or-tmp/-/home-or-tmp-3.0.0.tgz#57a8fe24cf33cdd524860a15821ddc25c86671fb"

homedir-polyfill@^1.0.1:
  version "1.0.1"
  resolved "https://registry.yarnpkg.com/homedir-polyfill/-/homedir-polyfill-1.0.1.tgz#4c2bbc8a758998feebf5ed68580f76d46768b4bc"
  dependencies:
    parse-passwd "^1.0.0"

invariant@^2.2.2:
  version "2.2.4"
  resolved "https://registry.yarnpkg.com/invariant/-/invariant-2.2.4.tgz#610f3c92c9359ce1db616e538008d23ff35158e6"
  dependencies:
    loose-envify "^1.0.0"

is-plain-obj@^1.1.0:
  version "1.1.0"
  resolved "https://registry.yarnpkg.com/is-plain-obj/-/is-plain-obj-1.1.0.tgz#71a50c8429dfca773c92a390a4a03b39fcd51d3e"

js-levenshtein@^1.1.3:
  version "1.1.3"
  resolved "https://registry.yarnpkg.com/js-levenshtein/-/js-levenshtein-1.1.3.tgz#3ef627df48ec8cf24bacf05c0f184ff30ef413c5"

js-tokens@^3.0.0:
  version "3.0.2"
  resolved "https://registry.yarnpkg.com/js-tokens/-/js-tokens-3.0.2.tgz#9866df395102130e38f7f996bceb65443209c25b"

"js-tokens@^3.0.0 || ^4.0.0":
  version "4.0.0"
  resolved "https://registry.yarnpkg.com/js-tokens/-/js-tokens-4.0.0.tgz#19203fb59991df98e3a287050d4647cdeaf32499"

jsesc@^2.5.1:
  version "2.5.1"
  resolved "https://registry.yarnpkg.com/jsesc/-/jsesc-2.5.1.tgz#e421a2a8e20d6b0819df28908f782526b96dd1fe"

jsesc@~0.5.0:
  version "0.5.0"
  resolved "https://registry.yarnpkg.com/jsesc/-/jsesc-0.5.0.tgz#e7dee66e35d6fc16f710fe91d5cf69f70f08911d"

json5@^0.5.0:
  version "0.5.1"
  resolved "https://registry.yarnpkg.com/json5/-/json5-0.5.1.tgz#1eade7acc012034ad84e2396767ead9fa5495821"

locate-path@^2.0.0:
  version "2.0.0"
  resolved "https://registry.yarnpkg.com/locate-path/-/locate-path-2.0.0.tgz#2b568b265eec944c6d9c0de9c3dbbbca0354cd8e"
  dependencies:
    p-locate "^2.0.0"
    path-exists "^3.0.0"

lodash@^4.17.10:
  version "4.17.10"
  resolved "https://registry.yarnpkg.com/lodash/-/lodash-4.17.10.tgz#1b7793cf7259ea38fb3661d4d38b3260af8ae4e7"

loose-envify@^1.0.0:
  version "1.4.0"
  resolved "https://registry.yarnpkg.com/loose-envify/-/loose-envify-1.4.0.tgz#71ee51fa7be4caec1a63839f7e682d8132d30caf"
  dependencies:
    js-tokens "^3.0.0 || ^4.0.0"

make-dir@^1.0.0:
  version "1.3.0"
  resolved "https://registry.yarnpkg.com/make-dir/-/make-dir-1.3.0.tgz#79c1033b80515bd6d24ec9933e860ca75ee27f0c"
  dependencies:
    pify "^3.0.0"

minimist@0.0.8:
  version "0.0.8"
  resolved "https://registry.yarnpkg.com/minimist/-/minimist-0.0.8.tgz#857fcabfc3397d2625b8228262e86aa7a011b05d"

mkdirp@^0.5.1:
  version "0.5.1"
  resolved "https://registry.yarnpkg.com/mkdirp/-/mkdirp-0.5.1.tgz#30057438eac6cf7f8c4767f38648d6697d75c903"
  dependencies:
    minimist "0.0.8"

ms@2.0.0:
  version "2.0.0"
  resolved "https://registry.yarnpkg.com/ms/-/ms-2.0.0.tgz#5608aeadfc00be6c2901df5f9861788de0d597c8"

node-modules-regexp@^1.0.0:
  version "1.0.0"
  resolved "https://registry.yarnpkg.com/node-modules-regexp/-/node-modules-regexp-1.0.0.tgz#8d9dbe28964a4ac5712e9131642107c71e90ec40"

output-file-sync@^2.0.0:
  version "2.0.1"
  resolved "https://registry.yarnpkg.com/output-file-sync/-/output-file-sync-2.0.1.tgz#f53118282f5f553c2799541792b723a4c71430c0"
  dependencies:
    graceful-fs "^4.1.11"
    is-plain-obj "^1.1.0"
    mkdirp "^0.5.1"

p-limit@^1.1.0:
  version "1.3.0"
  resolved "https://registry.yarnpkg.com/p-limit/-/p-limit-1.3.0.tgz#b86bd5f0c25690911c7590fcbfc2010d54b3ccb8"
  dependencies:
    p-try "^1.0.0"

p-locate@^2.0.0:
  version "2.0.0"
  resolved "https://registry.yarnpkg.com/p-locate/-/p-locate-2.0.0.tgz#20a0103b222a70c8fd39cc2e580680f3dde5ec43"
  dependencies:
    p-limit "^1.1.0"

p-try@^1.0.0:
  version "1.0.0"
  resolved "https://registry.yarnpkg.com/p-try/-/p-try-1.0.0.tgz#cbc79cdbaf8fd4228e13f621f2b1a237c1b207b3"

packet-reader@0.3.1:
  version "0.3.1"
  resolved "https://registry.yarnpkg.com/packet-reader/-/packet-reader-0.3.1.tgz#cd62e60af8d7fea8a705ec4ff990871c46871f27"

parse-passwd@^1.0.0:
  version "1.0.0"
  resolved "https://registry.yarnpkg.com/parse-passwd/-/parse-passwd-1.0.0.tgz#6d5b934a456993b23d37f40a382d6f1666a8e5c6"

path-exists@^3.0.0:
  version "3.0.0"
  resolved "https://registry.yarnpkg.com/path-exists/-/path-exists-3.0.0.tgz#ce0ebeaa5f78cb18925ea7d810d7b59b010fd515"

path-parse@^1.0.5:
  version "1.0.5"
  resolved "https://registry.yarnpkg.com/path-parse/-/path-parse-1.0.5.tgz#3c1adf871ea9cd6c9431b6ea2bd74a0ff055c4c1"

pg-connection-string@0.1.3:
  version "0.1.3"
  resolved "https://registry.yarnpkg.com/pg-connection-string/-/pg-connection-string-0.1.3.tgz#da1847b20940e42ee1492beaf65d49d91b245df7"

pg-pool@~2.0.3:
  version "2.0.3"
  resolved "https://registry.yarnpkg.com/pg-pool/-/pg-pool-2.0.3.tgz#c022032c8949f312a4f91fb6409ce04076be3257"

pg-types@~1.12.1:
  version "1.12.1"
  resolved "https://registry.yarnpkg.com/pg-types/-/pg-types-1.12.1.tgz#d64087e3903b58ffaad279e7595c52208a14c3d2"
  dependencies:
    postgres-array "~1.0.0"
    postgres-bytea "~1.0.0"
    postgres-date "~1.0.0"
    postgres-interval "^1.1.0"

pg@^7.4.3:
  version "7.4.3"
  resolved "https://registry.yarnpkg.com/pg/-/pg-7.4.3.tgz#f7b6f93f5340ecc2596afbb94a13e3d6b609834b"
  dependencies:
    buffer-writer "1.0.1"
    packet-reader "0.3.1"
    pg-connection-string "0.1.3"
    pg-pool "~2.0.3"
    pg-types "~1.12.1"
    pgpass "1.x"
    semver "4.3.2"

pgpass@1.x:
  version "1.0.2"
  resolved "https://registry.yarnpkg.com/pgpass/-/pgpass-1.0.2.tgz#2a7bb41b6065b67907e91da1b07c1847c877b306"
  dependencies:
    split "^1.0.0"

pify@^3.0.0:
  version "3.0.0"
  resolved "https://registry.yarnpkg.com/pify/-/pify-3.0.0.tgz#e5a4acd2c101fdf3d9a4d07f0dbc4db49dd28176"

pirates@^4.0.0:
  version "4.0.0"
  resolved "https://registry.yarnpkg.com/pirates/-/pirates-4.0.0.tgz#850b18781b4ac6ec58a43c9ed9ec5fe6796addbd"
  dependencies:
    node-modules-regexp "^1.0.0"

pkg-dir@^2.0.0:
  version "2.0.0"
  resolved "https://registry.yarnpkg.com/pkg-dir/-/pkg-dir-2.0.0.tgz#f6d5d1109e19d63edf428e0bd57e12777615334b"
  dependencies:
    find-up "^2.1.0"

postgres-array@~1.0.0:
  version "1.0.2"
  resolved "https://registry.yarnpkg.com/postgres-array/-/postgres-array-1.0.2.tgz#8e0b32eb03bf77a5c0a7851e0441c169a256a238"

postgres-bytea@~1.0.0:
  version "1.0.0"
  resolved "https://registry.yarnpkg.com/postgres-bytea/-/postgres-bytea-1.0.0.tgz#027b533c0aa890e26d172d47cf9ccecc521acd35"

postgres-date@~1.0.0:
  version "1.0.3"
  resolved "https://registry.yarnpkg.com/postgres-date/-/postgres-date-1.0.3.tgz#e2d89702efdb258ff9d9cee0fe91bd06975257a8"

postgres-interval@^1.1.0:
  version "1.1.2"
  resolved "https://registry.yarnpkg.com/postgres-interval/-/postgres-interval-1.1.2.tgz#bf71ff902635f21cb241a013fc421d81d1db15a9"
  dependencies:
    xtend "^4.0.0"

private@^0.1.6:
  version "0.1.8"
  resolved "https://registry.yarnpkg.com/private/-/private-0.1.8.tgz#2381edb3689f7a53d653190060fcf822d2f368ff"

regenerate-unicode-properties@^7.0.0:
  version "7.0.0"
  resolved "https://registry.yarnpkg.com/regenerate-unicode-properties/-/regenerate-unicode-properties-7.0.0.tgz#107405afcc4a190ec5ed450ecaa00ed0cafa7a4c"
  dependencies:
    regenerate "^1.4.0"

regenerate@^1.4.0:
  version "1.4.0"
  resolved "https://registry.yarnpkg.com/regenerate/-/regenerate-1.4.0.tgz#4a856ec4b56e4077c557589cae85e7a4c8869a11"

regenerator-runtime@^0.11.1:
  version "0.11.1"
  resolved "https://registry.yarnpkg.com/regenerator-runtime/-/regenerator-runtime-0.11.1.tgz#be05ad7f9bf7d22e056f9726cee5017fbf19e2e9"

regenerator-transform@^0.13.3:
  version "0.13.3"
  resolved "https://registry.yarnpkg.com/regenerator-transform/-/regenerator-transform-0.13.3.tgz#264bd9ff38a8ce24b06e0636496b2c856b57bcbb"
  dependencies:
    private "^0.1.6"

regexpu-core@^4.1.3, regexpu-core@^4.2.0:
  version "4.2.0"
  resolved "https://registry.yarnpkg.com/regexpu-core/-/regexpu-core-4.2.0.tgz#a3744fa03806cffe146dea4421a3e73bdcc47b1d"
  dependencies:
    regenerate "^1.4.0"
    regenerate-unicode-properties "^7.0.0"
    regjsgen "^0.4.0"
    regjsparser "^0.3.0"
    unicode-match-property-ecmascript "^1.0.4"
    unicode-match-property-value-ecmascript "^1.0.2"

regjsgen@^0.4.0:
  version "0.4.0"
  resolved "https://registry.yarnpkg.com/regjsgen/-/regjsgen-0.4.0.tgz#c1eb4c89a209263f8717c782591523913ede2561"

regjsparser@^0.3.0:
  version "0.3.0"
  resolved "https://registry.yarnpkg.com/regjsparser/-/regjsparser-0.3.0.tgz#3c326da7fcfd69fa0d332575a41c8c0cdf588c96"
  dependencies:
    jsesc "~0.5.0"

resolve@^1.3.2:
  version "1.8.1"
  resolved "https://registry.yarnpkg.com/resolve/-/resolve-1.8.1.tgz#82f1ec19a423ac1fbd080b0bab06ba36e84a7a26"
  dependencies:
    path-parse "^1.0.5"

semver@4.3.2:
  version "4.3.2"
  resolved "https://registry.yarnpkg.com/semver/-/semver-4.3.2.tgz#c7a07158a80bedd052355b770d82d6640f803be7"

semver@^5.3.0, semver@^5.4.1:
  version "5.5.0"
  resolved "https://registry.yarnpkg.com/semver/-/semver-5.5.0.tgz#dc4bbc7a6ca9d916dee5d43516f0092b58f7b8ab"

source-map-support@^0.4.2:
  version "0.4.18"
  resolved "https://registry.yarnpkg.com/source-map-support/-/source-map-support-0.4.18.tgz#0286a6de8be42641338594e97ccea75f0a2c585f"
  dependencies:
    source-map "^0.5.6"

source-map@^0.5.0, source-map@^0.5.6:
  version "0.5.7"
  resolved "https://registry.yarnpkg.com/source-map/-/source-map-0.5.7.tgz#8a039d2d1021d22d1ea14c80d8ea468ba2ef3fcc"

split@^1.0.0:
  version "1.0.1"
  resolved "https://registry.yarnpkg.com/split/-/split-1.0.1.tgz#605bd9be303aa59fb35f9229fbea0ddec9ea07d9"
  dependencies:
    through "2"

supports-color@^5.3.0:
  version "5.4.0"
  resolved "https://registry.yarnpkg.com/supports-color/-/supports-color-5.4.0.tgz#1c6b337402c2137605efe19f10fec390f6faab54"
  dependencies:
    has-flag "^3.0.0"

through@2:
  version "2.3.8"
  resolved "https://registry.yarnpkg.com/through/-/through-2.3.8.tgz#0dd4c9ffaabc357960b1b724115d7e0e86a2e1f5"

to-fast-properties@^2.0.0:
  version "2.0.0"
  resolved "https://registry.yarnpkg.com/to-fast-properties/-/to-fast-properties-2.0.0.tgz#dc5e698cbd079265bc73e0377681a4e4e83f616e"

trim-right@^1.0.1:
  version "1.0.1"
  resolved "https://registry.yarnpkg.com/trim-right/-/trim-right-1.0.1.tgz#cb2e1203067e0c8de1f614094b9fe45704ea6003"

unicode-canonical-property-names-ecmascript@^1.0.4:
  version "1.0.4"
  resolved "https://registry.yarnpkg.com/unicode-canonical-property-names-ecmascript/-/unicode-canonical-property-names-ecmascript-1.0.4.tgz#2619800c4c825800efdd8343af7dd9933cbe2818"

unicode-match-property-ecmascript@^1.0.4:
  version "1.0.4"
  resolved "https://registry.yarnpkg.com/unicode-match-property-ecmascript/-/unicode-match-property-ecmascript-1.0.4.tgz#8ed2a32569961bce9227d09cd3ffbb8fed5f020c"
  dependencies:
    unicode-canonical-property-names-ecmascript "^1.0.4"
    unicode-property-aliases-ecmascript "^1.0.4"

unicode-match-property-value-ecmascript@^1.0.2:
  version "1.0.2"
  resolved "https://registry.yarnpkg.com/unicode-match-property-value-ecmascript/-/unicode-match-property-value-ecmascript-1.0.2.tgz#9f1dc76926d6ccf452310564fd834ace059663d4"

unicode-property-aliases-ecmascript@^1.0.4:
  version "1.0.4"
  resolved "https://registry.yarnpkg.com/unicode-property-aliases-ecmascript/-/unicode-property-aliases-ecmascript-1.0.4.tgz#5a533f31b4317ea76f17d807fa0d116546111dd0"

v8flags@^3.1.1:
  version "3.1.1"
  resolved "https://registry.yarnpkg.com/v8flags/-/v8flags-3.1.1.tgz#42259a1461c08397e37fe1d4f1cfb59cad85a053"
  dependencies:
    homedir-polyfill "^1.0.1"

xtend@^4.0.0:
  version "4.0.1"
  resolved "https://registry.yarnpkg.com/xtend/-/xtend-4.0.1.tgz#a5c6d532be656e23db820efb943a1f04998d63af"
