# THIS IS AN AUTOGENERATED FILE. DO NOT EDIT THIS FILE DIRECTLY.
# yarn lockfile v1


"@babel/code-frame@7.0.0-beta.55":
  version "7.0.0-beta.55"
  resolved "https://registry.yarnpkg.com/@babel/code-frame/-/code-frame-7.0.0-beta.55.tgz#71f530e7b010af5eb7a7df7752f78921dd57e9ee"
  dependencies:
    "@babel/highlight" "7.0.0-beta.55"

"@babel/core@^7.0.0-beta.54":
  version "7.0.0-beta.55"
  resolved "https://registry.yarnpkg.com/@babel/core/-/core-7.0.0-beta.55.tgz#9e17c34b5ac855e427c98f570915a17fcc6bab4a"
  dependencies:
    "@babel/code-frame" "7.0.0-beta.55"
    "@babel/generator" "7.0.0-beta.55"
    "@babel/helpers" "7.0.0-beta.55"
    "@babel/parser" "7.0.0-beta.55"
    "@babel/template" "7.0.0-beta.55"
    "@babel/traverse" "7.0.0-beta.55"
    "@babel/types" "7.0.0-beta.55"
    convert-source-map "^1.1.0"
    debug "^3.1.0"
    json5 "^0.5.0"
    lodash "^4.17.10"
    resolve "^1.3.2"
    semver "^5.4.1"
    source-map "^0.5.0"

"@babel/generator@7.0.0-beta.55":
  version "7.0.0-beta.55"
  resolved "https://registry.yarnpkg.com/@babel/generator/-/generator-7.0.0-beta.55.tgz#8ec11152dcc398bae35dd181122704415c383a01"
  dependencies:
    "@babel/types" "7.0.0-beta.55"
    jsesc "^2.5.1"
    lodash "^4.17.10"
    source-map "^0.5.0"
    trim-right "^1.0.1"

"@babel/helper-annotate-as-pure@7.0.0-beta.55":
  version "7.0.0-beta.55"
  resolved "https://registry.yarnpkg.com/@babel/helper-annotate-as-pure/-/helper-annotate-as-pure-7.0.0-beta.55.tgz#3c3e4c00e14e7dea917938e35ed5d9156cdd35ce"
  dependencies:
    "@babel/types" "7.0.0-beta.55"

"@babel/helper-builder-binary-assignment-operator-visitor@7.0.0-beta.55":
  version "7.0.0-beta.55"
  resolved "https://registry.yarnpkg.com/@babel/helper-builder-binary-assignment-operator-visitor/-/helper-builder-binary-assignment-operator-visitor-7.0.0-beta.55.tgz#4d02128acff5c368a2d43ea8608260ce49aeec5d"
  dependencies:
    "@babel/helper-explode-assignable-expression" "7.0.0-beta.55"
    "@babel/types" "7.0.0-beta.55"

"@babel/helper-call-delegate@7.0.0-beta.55":
  version "7.0.0-beta.55"
  resolved "https://registry.yarnpkg.com/@babel/helper-call-delegate/-/helper-call-delegate-7.0.0-beta.55.tgz#13f68c85c2adfe87c02f7ab4d2a63d35cd67d724"
  dependencies:
    "@babel/helper-hoist-variables" "7.0.0-beta.55"
    "@babel/traverse" "7.0.0-beta.55"
    "@babel/types" "7.0.0-beta.55"

"@babel/helper-define-map@7.0.0-beta.55":
  version "7.0.0-beta.55"
  resolved "https://registry.yarnpkg.com/@babel/helper-define-map/-/helper-define-map-7.0.0-beta.55.tgz#b62bcb37b753be416db7f21563f0162cd933403a"
  dependencies:
    "@babel/helper-function-name" "7.0.0-beta.55"
    "@babel/types" "7.0.0-beta.55"
    lodash "^4.17.10"

"@babel/helper-explode-assignable-expression@7.0.0-beta.55":
  version "7.0.0-beta.55"
  resolved "https://registry.yarnpkg.com/@babel/helper-explode-assignable-expression/-/helper-explode-assignable-expression-7.0.0-beta.55.tgz#f5c096f261ca4efc6154b2633317eec1ed9029ea"
  dependencies:
    "@babel/traverse" "7.0.0-beta.55"
    "@babel/types" "7.0.0-beta.55"

"@babel/helper-function-name@7.0.0-beta.55":
  version "7.0.0-beta.55"
  resolved "https://registry.yarnpkg.com/@babel/helper-function-name/-/helper-function-name-7.0.0-beta.55.tgz#16aab21380a2eabcee3328d21b9586ba3427dbef"
  dependencies:
    "@babel/helper-get-function-arity" "7.0.0-beta.55"
    "@babel/template" "7.0.0-beta.55"
    "@babel/types" "7.0.0-beta.55"

"@babel/helper-get-function-arity@7.0.0-beta.55":
  version "7.0.0-beta.55"
  resolved "https://registry.yarnpkg.com/@babel/helper-get-function-arity/-/helper-get-function-arity-7.0.0-beta.55.tgz#8559ded96ecd3b626f9c1f57494edc4fa3cc6a94"
  dependencies:
    "@babel/types" "7.0.0-beta.55"

"@babel/helper-hoist-variables@7.0.0-beta.55":
  version "7.0.0-beta.55"
  resolved "https://registry.yarnpkg.com/@babel/helper-hoist-variables/-/helper-hoist-variables-7.0.0-beta.55.tgz#a88c5d992dca109199cf95b25907534a959dc461"
  dependencies:
    "@babel/types" "7.0.0-beta.55"

"@babel/helper-member-expression-to-functions@7.0.0-beta.55":
  version "7.0.0-beta.55"
  resolved "https://registry.yarnpkg.com/@babel/helper-member-expression-to-functions/-/helper-member-expression-to-functions-7.0.0-beta.55.tgz#823d254bc9bd019a529fe2ab7f9e1d26870c5e50"
  dependencies:
    "@babel/types" "7.0.0-beta.55"

"@babel/helper-module-imports@7.0.0-beta.55":
  version "7.0.0-beta.55"
  resolved "https://registry.yarnpkg.com/@babel/helper-module-imports/-/helper-module-imports-7.0.0-beta.55.tgz#93f927c6631d0689b8bbd1991d3fb2aa63eeb3f2"
  dependencies:
    "@babel/types" "7.0.0-beta.55"
    lodash "^4.17.10"

"@babel/helper-module-transforms@7.0.0-beta.55":
  version "7.0.0-beta.55"
  resolved "https://registry.yarnpkg.com/@babel/helper-module-transforms/-/helper-module-transforms-7.0.0-beta.55.tgz#2bd12f0e9187e5d69599ffa7c11fe9a3a67b03d2"
  dependencies:
    "@babel/helper-module-imports" "7.0.0-beta.55"
    "@babel/helper-simple-access" "7.0.0-beta.55"
    "@babel/helper-split-export-declaration" "7.0.0-beta.55"
    "@babel/template" "7.0.0-beta.55"
    "@babel/types" "7.0.0-beta.55"
    lodash "^4.17.10"

"@babel/helper-optimise-call-expression@7.0.0-beta.55":
  version "7.0.0-beta.55"
  resolved "https://registry.yarnpkg.com/@babel/helper-optimise-call-expression/-/helper-optimise-call-expression-7.0.0-beta.55.tgz#57fdc6898bc53f02da78bf4a39509d4dfc3b33cb"
  dependencies:
    "@babel/types" "7.0.0-beta.55"

"@babel/helper-plugin-utils@7.0.0-beta.55":
  version "7.0.0-beta.55"
  resolved "https://registry.yarnpkg.com/@babel/helper-plugin-utils/-/helper-plugin-utils-7.0.0-beta.55.tgz#31f40777efd6b961da8496a923c22d2b062b3f73"

"@babel/helper-regex@7.0.0-beta.55":
  version "7.0.0-beta.55"
  resolved "https://registry.yarnpkg.com/@babel/helper-regex/-/helper-regex-7.0.0-beta.55.tgz#74e6c063d1ef9f7e58b7a84c06e6ee4a5bb5a5da"
  dependencies:
    lodash "^4.17.10"

"@babel/helper-remap-async-to-generator@7.0.0-beta.55":
  version "7.0.0-beta.55"
  resolved "https://registry.yarnpkg.com/@babel/helper-remap-async-to-generator/-/helper-remap-async-to-generator-7.0.0-beta.55.tgz#e762d1b8f7f06121ed3e40befb1f9847d4658a7d"
  dependencies:
    "@babel/helper-annotate-as-pure" "7.0.0-beta.55"
    "@babel/helper-wrap-function" "7.0.0-beta.55"
    "@babel/template" "7.0.0-beta.55"
    "@babel/traverse" "7.0.0-beta.55"
    "@babel/types" "7.0.0-beta.55"

"@babel/helper-replace-supers@7.0.0-beta.55":
  version "7.0.0-beta.55"
  resolved "https://registry.yarnpkg.com/@babel/helper-replace-supers/-/helper-replace-supers-7.0.0-beta.55.tgz#d588ad863990f35d8b0f67aa94ef8eec24171855"
  dependencies:
    "@babel/helper-member-expression-to-functions" "7.0.0-beta.55"
    "@babel/helper-optimise-call-expression" "7.0.0-beta.55"
    "@babel/traverse" "7.0.0-beta.55"
    "@babel/types" "7.0.0-beta.55"

"@babel/helper-simple-access@7.0.0-beta.55":
  version "7.0.0-beta.55"
  resolved "https://registry.yarnpkg.com/@babel/helper-simple-access/-/helper-simple-access-7.0.0-beta.55.tgz#f3f3ce279f20fc90c166c4fea1667646857ba559"
  dependencies:
    "@babel/template" "7.0.0-beta.55"
    "@babel/types" "7.0.0-beta.55"
    lodash "^4.17.10"

"@babel/helper-split-export-declaration@7.0.0-beta.55":
  version "7.0.0-beta.55"
  resolved "https://registry.yarnpkg.com/@babel/helper-split-export-declaration/-/helper-split-export-declaration-7.0.0-beta.55.tgz#ecb8074bf2d22c6518a252282535def137a8704f"
  dependencies:
    "@babel/types" "7.0.0-beta.55"

"@babel/helper-wrap-function@7.0.0-beta.55":
  version "7.0.0-beta.55"
  resolved "https://registry.yarnpkg.com/@babel/helper-wrap-function/-/helper-wrap-function-7.0.0-beta.55.tgz#3053e77647057b29b88d9625503e033b1bd349b4"
  dependencies:
    "@babel/helper-function-name" "7.0.0-beta.55"
    "@babel/template" "7.0.0-beta.55"
    "@babel/traverse" "7.0.0-beta.55"
    "@babel/types" "7.0.0-beta.55"

"@babel/helpers@7.0.0-beta.55":
  version "7.0.0-beta.55"
  resolved "https://registry.yarnpkg.com/@babel/helpers/-/helpers-7.0.0-beta.55.tgz#d0b4b9a327dba42d58890011deb905c820739617"
  dependencies:
    "@babel/template" "7.0.0-beta.55"
    "@babel/traverse" "7.0.0-beta.55"
    "@babel/types" "7.0.0-beta.55"

"@babel/highlight@7.0.0-beta.55":
  version "7.0.0-beta.55"
  resolved "https://registry.yarnpkg.com/@babel/highlight/-/highlight-7.0.0-beta.55.tgz#988653647d629c261dae156e74d5f0252ba520c0"
  dependencies:
    chalk "^2.0.0"
    esutils "^2.0.2"
    js-tokens "^3.0.0"

"@babel/node@^7.0.0-beta.54":
  version "7.0.0-beta.55"
  resolved "https://registry.yarnpkg.com/@babel/node/-/node-7.0.0-beta.55.tgz#d86293451eda2d21cf7f4607386050685340cb72"
  dependencies:
    "@babel/polyfill" "7.0.0-beta.55"
    "@babel/register" "7.0.0-beta.55"
    commander "^2.8.1"
    fs-readdir-recursive "^1.0.0"
    lodash "^4.17.10"
    output-file-sync "^2.0.0"
    v8flags "^3.1.1"

"@babel/parser@7.0.0-beta.55":
  version "7.0.0-beta.55"
  resolved "https://registry.yarnpkg.com/@babel/parser/-/parser-7.0.0-beta.55.tgz#0a527efc148c6c8cd85d5ffddacad817a2daeeb2"

"@babel/plugin-proposal-async-generator-functions@7.0.0-beta.55":
  version "7.0.0-beta.55"
  resolved "https://registry.yarnpkg.com/@babel/plugin-proposal-async-generator-functions/-/plugin-proposal-async-generator-functions-7.0.0-beta.55.tgz#512bb28c0401769811818d6b4453ce9bdf5f21ca"
  dependencies:
    "@babel/helper-plugin-utils" "7.0.0-beta.55"
    "@babel/helper-remap-async-to-generator" "7.0.0-beta.55"
    "@babel/plugin-syntax-async-generators" "7.0.0-beta.55"

"@babel/plugin-proposal-object-rest-spread@7.0.0-beta.55":
  version "7.0.0-beta.55"
  resolved "https://registry.yarnpkg.com/@babel/plugin-proposal-object-rest-spread/-/plugin-proposal-object-rest-spread-7.0.0-beta.55.tgz#b611bb83901bf05196237c516a8bb1117a2a9396"
  dependencies:
    "@babel/helper-plugin-utils" "7.0.0-beta.55"
    "@babel/plugin-syntax-object-rest-spread" "7.0.0-beta.55"

"@babel/plugin-proposal-optional-catch-binding@7.0.0-beta.55":
  version "7.0.0-beta.55"
  resolved "https://registry.yarnpkg.com/@babel/plugin-proposal-optional-catch-binding/-/plugin-proposal-optional-catch-binding-7.0.0-beta.55.tgz#365727b214a3e3e5cbeb92c471635a5f51839735"
  dependencies:
    "@babel/helper-plugin-utils" "7.0.0-beta.55"
    "@babel/plugin-syntax-optional-catch-binding" "7.0.0-beta.55"

"@babel/plugin-proposal-unicode-property-regex@7.0.0-beta.55":
  version "7.0.0-beta.55"
  resolved "https://registry.yarnpkg.com/@babel/plugin-proposal-unicode-property-regex/-/plugin-proposal-unicode-property-regex-7.0.0-beta.55.tgz#987f851d4f50fbb91c17ba51cc113d8d3f558c5b"
  dependencies:
    "@babel/helper-plugin-utils" "7.0.0-beta.55"
    "@babel/helper-regex" "7.0.0-beta.55"
    regexpu-core "^4.2.0"

"@babel/plugin-syntax-async-generators@7.0.0-beta.55":
  version "7.0.0-beta.55"
  resolved "https://registry.yarnpkg.com/@babel/plugin-syntax-async-generators/-/plugin-syntax-async-generators-7.0.0-beta.55.tgz#e72b3857eb80b695c77c3721237b149072cda46b"
  dependencies:
    "@babel/helper-plugin-utils" "7.0.0-beta.55"

"@babel/plugin-syntax-object-rest-spread@7.0.0-beta.55":
  version "7.0.0-beta.55"
  resolved "https://registry.yarnpkg.com/@babel/plugin-syntax-object-rest-spread/-/plugin-syntax-object-rest-spread-7.0.0-beta.55.tgz#990ea47e790d7d9a9d28469c6bcc15f580bf19e9"
  dependencies:
    "@babel/helper-plugin-utils" "7.0.0-beta.55"

"@babel/plugin-syntax-optional-catch-binding@7.0.0-beta.55":
  version "7.0.0-beta.55"
  resolved "https://registry.yarnpkg.com/@babel/plugin-syntax-optional-catch-binding/-/plugin-syntax-optional-catch-binding-7.0.0-beta.55.tgz#ef903fee2dbc3621773d7db2dec9861c8f976c12"
  dependencies:
    "@babel/helper-plugin-utils" "7.0.0-beta.55"

"@babel/plugin-transform-arrow-functions@7.0.0-beta.55":
  version "7.0.0-beta.55"
  resolved "https://registry.yarnpkg.com/@babel/plugin-transform-arrow-functions/-/plugin-transform-arrow-functions-7.0.0-beta.55.tgz#eacb446ffc67e5135a4a29ac72bffac1ada181f6"
  dependencies:
    "@babel/helper-plugin-utils" "7.0.0-beta.55"

"@babel/plugin-transform-async-to-generator@7.0.0-beta.55":
  version "7.0.0-beta.55"
  resolved "https://registry.yarnpkg.com/@babel/plugin-transform-async-to-generator/-/plugin-transform-async-to-generator-7.0.0-beta.55.tgz#490a4715540807bd89f5858e8aac30d1561bdd65"
  dependencies:
    "@babel/helper-module-imports" "7.0.0-beta.55"
    "@babel/helper-plugin-utils" "7.0.0-beta.55"
    "@babel/helper-remap-async-to-generator" "7.0.0-beta.55"

"@babel/plugin-transform-block-scoped-functions@7.0.0-beta.55":
  version "7.0.0-beta.55"
  resolved "https://registry.yarnpkg.com/@babel/plugin-transform-block-scoped-functions/-/plugin-transform-block-scoped-functions-7.0.0-beta.55.tgz#0670d0a149435eea73f72e3392a51b38de607270"
  dependencies:
    "@babel/helper-plugin-utils" "7.0.0-beta.55"

"@babel/plugin-transform-block-scoping@7.0.0-beta.55":
  version "7.0.0-beta.55"
  resolved "https://registry.yarnpkg.com/@babel/plugin-transform-block-scoping/-/plugin-transform-block-scoping-7.0.0-beta.55.tgz#c826f8c20304ac39f6cdd11d14f1cd7d90aa5470"
  dependencies:
    "@babel/helper-plugin-utils" "7.0.0-beta.55"
    lodash "^4.17.10"

"@babel/plugin-transform-classes@7.0.0-beta.55":
  version "7.0.0-beta.55"
  resolved "https://registry.yarnpkg.com/@babel/plugin-transform-classes/-/plugin-transform-classes-7.0.0-beta.55.tgz#fa260266943f7a1e144ef9783d9a07e987755022"
  dependencies:
    "@babel/helper-annotate-as-pure" "7.0.0-beta.55"
    "@babel/helper-define-map" "7.0.0-beta.55"
    "@babel/helper-function-name" "7.0.0-beta.55"
    "@babel/helper-optimise-call-expression" "7.0.0-beta.55"
    "@babel/helper-plugin-utils" "7.0.0-beta.55"
    "@babel/helper-replace-supers" "7.0.0-beta.55"
    "@babel/helper-split-export-declaration" "7.0.0-beta.55"
    globals "^11.1.0"

"@babel/plugin-transform-computed-properties@7.0.0-beta.55":
  version "7.0.0-beta.55"
  resolved "https://registry.yarnpkg.com/@babel/plugin-transform-computed-properties/-/plugin-transform-computed-properties-7.0.0-beta.55.tgz#a04f101f305695031ffda61501728c00180237b9"
  dependencies:
    "@babel/helper-plugin-utils" "7.0.0-beta.55"

"@babel/plugin-transform-destructuring@7.0.0-beta.55":
  version "7.0.0-beta.55"
  resolved "https://registry.yarnpkg.com/@babel/plugin-transform-destructuring/-/plugin-transform-destructuring-7.0.0-beta.55.tgz#1d44216cbbdb5d873819abb71fe033c14a1c1723"
  dependencies:
    "@babel/helper-plugin-utils" "7.0.0-beta.55"

"@babel/plugin-transform-dotall-regex@7.0.0-beta.55":
  version "7.0.0-beta.55"
  resolved "https://registry.yarnpkg.com/@babel/plugin-transform-dotall-regex/-/plugin-transform-dotall-regex-7.0.0-beta.55.tgz#2b9c2d13b79b660789b40f9f49873525d7d77437"
  dependencies:
    "@babel/helper-plugin-utils" "7.0.0-beta.55"
    "@babel/helper-regex" "7.0.0-beta.55"
    regexpu-core "^4.1.3"

"@babel/plugin-transform-duplicate-keys@7.0.0-beta.55":
  version "7.0.0-beta.55"
  resolved "https://registry.yarnpkg.com/@babel/plugin-transform-duplicate-keys/-/plugin-transform-duplicate-keys-7.0.0-beta.55.tgz#d1300c60703d5b5205f65ea178b7b5715d0b9687"
  dependencies:
    "@babel/helper-plugin-utils" "7.0.0-beta.55"

"@babel/plugin-transform-exponentiation-operator@7.0.0-beta.55":
  version "7.0.0-beta.55"
  resolved "https://registry.yarnpkg.com/@babel/plugin-transform-exponentiation-operator/-/plugin-transform-exponentiation-operator-7.0.0-beta.55.tgz#ddcac0ea80e6641681a473a703093cd2f623a59e"
  dependencies:
    "@babel/helper-builder-binary-assignment-operator-visitor" "7.0.0-beta.55"
    "@babel/helper-plugin-utils" "7.0.0-beta.55"

"@babel/plugin-transform-for-of@7.0.0-beta.55":
  version "7.0.0-beta.55"
  resolved "https://registry.yarnpkg.com/@babel/plugin-transform-for-of/-/plugin-transform-for-of-7.0.0-beta.55.tgz#cf3058c6d81a3d69e5df086294688dac28a42710"
  dependencies:
    "@babel/helper-plugin-utils" "7.0.0-beta.55"

"@babel/plugin-transform-function-name@7.0.0-beta.55":
  version "7.0.0-beta.55"
  resolved "https://registry.yarnpkg.com/@babel/plugin-transform-function-name/-/plugin-transform-function-name-7.0.0-beta.55.tgz#114384d56e1739492bd4ce9337dd158acde14801"
  dependencies:
    "@babel/helper-function-name" "7.0.0-beta.55"
    "@babel/helper-plugin-utils" "7.0.0-beta.55"

"@babel/plugin-transform-literals@7.0.0-beta.55":
  version "7.0.0-beta.55"
  resolved "https://registry.yarnpkg.com/@babel/plugin-transform-literals/-/plugin-transform-literals-7.0.0-beta.55.tgz#8bc92cd24e6419301ef3867e4667b77aa6374e11"
  dependencies:
    "@babel/helper-plugin-utils" "7.0.0-beta.55"

"@babel/plugin-transform-modules-amd@7.0.0-beta.55":
  version "7.0.0-beta.55"
  resolved "https://registry.yarnpkg.com/@babel/plugin-transform-modules-amd/-/plugin-transform-modules-amd-7.0.0-beta.55.tgz#c8b59b84d6f4987512667c6f9410af3ddd562e12"
  dependencies:
    "@babel/helper-module-transforms" "7.0.0-beta.55"
    "@babel/helper-plugin-utils" "7.0.0-beta.55"

"@babel/plugin-transform-modules-commonjs@7.0.0-beta.55":
  version "7.0.0-beta.55"
  resolved "https://registry.yarnpkg.com/@babel/plugin-transform-modules-commonjs/-/plugin-transform-modules-commonjs-7.0.0-beta.55.tgz#748af5037e28a78694df71be2e8d02c5c84b8aaf"
  dependencies:
    "@babel/helper-module-transforms" "7.0.0-beta.55"
    "@babel/helper-plugin-utils" "7.0.0-beta.55"
    "@babel/helper-simple-access" "7.0.0-beta.55"

"@babel/plugin-transform-modules-systemjs@7.0.0-beta.55":
  version "7.0.0-beta.55"
  resolved "https://registry.yarnpkg.com/@babel/plugin-transform-modules-systemjs/-/plugin-transform-modules-systemjs-7.0.0-beta.55.tgz#9e36a7d48c9137781484c5442da426873289594e"
  dependencies:
    "@babel/helper-hoist-variables" "7.0.0-beta.55"
    "@babel/helper-plugin-utils" "7.0.0-beta.55"

"@babel/plugin-transform-modules-umd@7.0.0-beta.55":
  version "7.0.0-beta.55"
  resolved "https://registry.yarnpkg.com/@babel/plugin-transform-modules-umd/-/plugin-transform-modules-umd-7.0.0-beta.55.tgz#028c96f64e89313657c6d5f5ff0660fc99f6ee0a"
  dependencies:
    "@babel/helper-module-transforms" "7.0.0-beta.55"
    "@babel/helper-plugin-utils" "7.0.0-beta.55"

"@babel/plugin-transform-new-target@7.0.0-beta.55":
  version "7.0.0-beta.55"
  resolved "https://registry.yarnpkg.com/@babel/plugin-transform-new-target/-/plugin-transform-new-target-7.0.0-beta.55.tgz#0164ad758b68f67fc39dbef1b7d61e37f5a9bfd5"
  dependencies:
    "@babel/helper-plugin-utils" "7.0.0-beta.55"

"@babel/plugin-transform-object-super@7.0.0-beta.55":
  version "7.0.0-beta.55"
  resolved "https://registry.yarnpkg.com/@babel/plugin-transform-object-super/-/plugin-transform-object-super-7.0.0-beta.55.tgz#b518d13a90352128191514d7d5db8e5a78c9992b"
  dependencies:
    "@babel/helper-plugin-utils" "7.0.0-beta.55"
    "@babel/helper-replace-supers" "7.0.0-beta.55"

"@babel/plugin-transform-parameters@7.0.0-beta.55":
  version "7.0.0-beta.55"
  resolved "https://registry.yarnpkg.com/@babel/plugin-transform-parameters/-/plugin-transform-parameters-7.0.0-beta.55.tgz#f211f18a560a4d928d9649da11c28dd89f15effe"
  dependencies:
    "@babel/helper-call-delegate" "7.0.0-beta.55"
    "@babel/helper-get-function-arity" "7.0.0-beta.55"
    "@babel/helper-plugin-utils" "7.0.0-beta.55"

"@babel/plugin-transform-regenerator@7.0.0-beta.55":
  version "7.0.0-beta.55"
  resolved "https://registry.yarnpkg.com/@babel/plugin-transform-regenerator/-/plugin-transform-regenerator-7.0.0-beta.55.tgz#a12ba1376c647cf0b777dea8a7b55fe4665ed1ff"
  dependencies:
    regenerator-transform "^0.13.3"

"@babel/plugin-transform-shorthand-properties@7.0.0-beta.55":
  version "7.0.0-beta.55"
  resolved "https://registry.yarnpkg.com/@babel/plugin-transform-shorthand-properties/-/plugin-transform-shorthand-properties-7.0.0-beta.55.tgz#75e97575b87c6fe31c008fc3d755fddcd6cb908a"
  dependencies:
    "@babel/helper-plugin-utils" "7.0.0-beta.55"

"@babel/plugin-transform-spread@7.0.0-beta.55":
  version "7.0.0-beta.55"
  resolved "https://registry.yarnpkg.com/@babel/plugin-transform-spread/-/plugin-transform-spread-7.0.0-beta.55.tgz#d5a1c320aac86469d6d311e136a89fb5a1f65600"
  dependencies:
    "@babel/helper-plugin-utils" "7.0.0-beta.55"

"@babel/plugin-transform-sticky-regex@7.0.0-beta.55":
  version "7.0.0-beta.55"
  resolved "https://registry.yarnpkg.com/@babel/plugin-transform-sticky-regex/-/plugin-transform-sticky-regex-7.0.0-beta.55.tgz#d0b80b2deb8b4db03bc6459ebe79ad8b39b40546"
  dependencies:
    "@babel/helper-plugin-utils" "7.0.0-beta.55"
    "@babel/helper-regex" "7.0.0-beta.55"

"@babel/plugin-transform-template-literals@7.0.0-beta.55":
  version "7.0.0-beta.55"
  resolved "https://registry.yarnpkg.com/@babel/plugin-transform-template-literals/-/plugin-transform-template-literals-7.0.0-beta.55.tgz#b00a6496d4c8384507559598aaf49d8c1ad892e6"
  dependencies:
    "@babel/helper-annotate-as-pure" "7.0.0-beta.55"
    "@babel/helper-plugin-utils" "7.0.0-beta.55"

"@babel/plugin-transform-typeof-symbol@7.0.0-beta.55":
  version "7.0.0-beta.55"
  resolved "https://registry.yarnpkg.com/@babel/plugin-transform-typeof-symbol/-/plugin-transform-typeof-symbol-7.0.0-beta.55.tgz#62326918560b765bbe9f362ad3a4ce3bc71477bc"
  dependencies:
    "@babel/helper-plugin-utils" "7.0.0-beta.55"

"@babel/plugin-transform-unicode-regex@7.0.0-beta.55":
  version "7.0.0-beta.55"
  resolved "https://registry.yarnpkg.com/@babel/plugin-transform-unicode-regex/-/plugin-transform-unicode-regex-7.0.0-beta.55.tgz#87e7bedbba103f784a7999f82064f47c0b35c796"
  dependencies:
    "@babel/helper-plugin-utils" "7.0.0-beta.55"
    "@babel/helper-regex" "7.0.0-beta.55"
    regexpu-core "^4.1.3"

"@babel/polyfill@7.0.0-beta.55":
  version "7.0.0-beta.55"
  resolved "https://registry.yarnpkg.com/@babel/polyfill/-/polyfill-7.0.0-beta.55.tgz#fc68159a3a32f67d4003298ee69d3412622b5303"
  dependencies:
    core-js "^2.5.7"
    regenerator-runtime "^0.11.1"

"@babel/preset-env@^7.0.0-beta.54":
  version "7.0.0-beta.55"
  resolved "https://registry.yarnpkg.com/@babel/preset-env/-/preset-env-7.0.0-beta.55.tgz#d3d997517761890144081d53c0c669ba7e8334e0"
  dependencies:
    "@babel/helper-module-imports" "7.0.0-beta.55"
    "@babel/helper-plugin-utils" "7.0.0-beta.55"
    "@babel/plugin-proposal-async-generator-functions" "7.0.0-beta.55"
    "@babel/plugin-proposal-object-rest-spread" "7.0.0-beta.55"
    "@babel/plugin-proposal-optional-catch-binding" "7.0.0-beta.55"
    "@babel/plugin-proposal-unicode-property-regex" "7.0.0-beta.55"
    "@babel/plugin-syntax-async-generators" "7.0.0-beta.55"
    "@babel/plugin-syntax-object-rest-spread" "7.0.0-beta.55"
    "@babel/plugin-syntax-optional-catch-binding" "7.0.0-beta.55"
    "@babel/plugin-transform-arrow-functions" "7.0.0-beta.55"
    "@babel/plugin-transform-async-to-generator" "7.0.0-beta.55"
    "@babel/plugin-transform-block-scoped-functions" "7.0.0-beta.55"
    "@babel/plugin-transform-block-scoping" "7.0.0-beta.55"
    "@babel/plugin-transform-classes" "7.0.0-beta.55"
    "@babel/plugin-transform-computed-properties" "7.0.0-beta.55"
    "@babel/plugin-transform-destructuring" "7.0.0-beta.55"
    "@babel/plugin-transform-dotall-regex" "7.0.0-beta.55"
    "@babel/plugin-transform-duplicate-keys" "7.0.0-beta.55"
    "@babel/plugin-transform-exponentiation-operator" "7.0.0-beta.55"
    "@babel/plugin-transform-for-of" "7.0.0-beta.55"
    "@babel/plugin-transform-function-name" "7.0.0-beta.55"
    "@babel/plugin-transform-literals" "7.0.0-beta.55"
    "@babel/plugin-transform-modules-amd" "7.0.0-beta.55"
    "@babel/plugin-transform-modules-commonjs" "7.0.0-beta.55"
    "@babel/plugin-transform-modules-systemjs" "7.0.0-beta.55"
    "@babel/plugin-transform-modules-umd" "7.0.0-beta.55"
    "@babel/plugin-transform-new-target" "7.0.0-beta.55"
    "@babel/plugin-transform-object-super" "7.0.0-beta.55"
    "@babel/plugin-transform-parameters" "7.0.0-beta.55"
    "@babel/plugin-transform-regenerator" "7.0.0-beta.55"
    "@babel/plugin-transform-shorthand-properties" "7.0.0-beta.55"
    "@babel/plugin-transform-spread" "7.0.0-beta.55"
    "@babel/plugin-transform-sticky-regex" "7.0.0-beta.55"
    "@babel/plugin-transform-template-literals" "7.0.0-beta.55"
    "@babel/plugin-transform-typeof-symbol" "7.0.0-beta.55"
    "@babel/plugin-transform-unicode-regex" "7.0.0-beta.55"
    browserslist "^3.0.0"
    invariant "^2.2.2"
    js-levenshtein "^1.1.3"
    semver "^5.3.0"

"@babel/register@7.0.0-beta.55":
  version "7.0.0-beta.55"
  resolved "https://registry.yarnpkg.com/@babel/register/-/register-7.0.0-beta.55.tgz#930bf5a13f99eeb22c276b346a54586abb01e611"
  dependencies:
    core-js "^2.5.7"
    find-cache-dir "^1.0.0"
    home-or-tmp "^3.0.0"
    lodash "^4.17.10"
    mkdirp "^0.5.1"
    pirates "^4.0.0"
    source-map-support "^0.4.2"

"@babel/template@7.0.0-beta.55":
  version "7.0.0-beta.55"
  resolved "https://registry.yarnpkg.com/@babel/template/-/template-7.0.0-beta.55.tgz#c6cab0e2722ba5e33fe034073b6d31673aba326e"
  dependencies:
    "@babel/code-frame" "7.0.0-beta.55"
    "@babel/parser" "7.0.0-beta.55"
    "@babel/types" "7.0.0-beta.55"
    lodash "^4.17.10"

"@babel/traverse@7.0.0-beta.55":
  version "7.0.0-beta.55"
  resolved "https://registry.yarnpkg.com/@babel/traverse/-/traverse-7.0.0-beta.55.tgz#50be5d0fcc5cc4ac020a7b0c519be8dae345d4be"
  dependencies:
    "@babel/code-frame" "7.0.0-beta.55"
    "@babel/generator" "7.0.0-beta.55"
    "@babel/helper-function-name" "7.0.0-beta.55"
    "@babel/helper-split-export-declaration" "7.0.0-beta.55"
    "@babel/parser" "7.0.0-beta.55"
    "@babel/types" "7.0.0-beta.55"
    debug "^3.1.0"
    globals "^11.1.0"
    lodash "^4.17.10"

"@babel/types@7.0.0-beta.55":
  version "7.0.0-beta.55"
  resolved "https://registry.yarnpkg.com/@babel/types/-/types-7.0.0-beta.55.tgz#7755c9d2e58315a64f05d8cf3322379be16d9199"
  dependencies:
    esutils "^2.0.2"
    lodash "^4.17.10"
    to-fast-properties "^2.0.0"

ansi-styles@^3.2.1:
  version "3.2.1"
  resolved "https://registry.yarnpkg.com/ansi-styles/-/ansi-styles-3.2.1.tgz#41fbb20243e50b12be0f04b8dedbf07520ce841d"
  dependencies:
    color-convert "^1.9.0"

browserslist@^3.0.0:
  version "3.2.8"
  resolved "https://registry.yarnpkg.com/browserslist/-/browserslist-3.2.8.tgz#b0005361d6471f0f5952797a76fc985f1f978fc6"
  dependencies:
    caniuse-lite "^1.0.30000844"
    electron-to-chromium "^1.3.47"

caniuse-lite@^1.0.30000844:
  version "1.0.30000865"
  resolved "https://registry.yarnpkg.com/caniuse-lite/-/caniuse-lite-1.0.30000865.tgz#70026616e8afe6e1442f8bb4e1092987d81a2f25"

chalk@^2.0.0:
  version "2.4.1"
  resolved "https://registry.yarnpkg.com/chalk/-/chalk-2.4.1.tgz#18c49ab16a037b6eb0152cc83e3471338215b66e"
  dependencies:
    ansi-styles "^3.2.1"
    escape-string-regexp "^1.0.5"
    supports-color "^5.3.0"

color-convert@^1.9.0:
  version "1.9.2"
  resolved "https://registry.yarnpkg.com/color-convert/-/color-convert-1.9.2.tgz#49881b8fba67df12a96bdf3f56c0aab9e7913147"
  dependencies:
    color-name "1.1.1"

color-name@1.1.1:
  version "1.1.1"
  resolved "https://registry.yarnpkg.com/color-name/-/color-name-1.1.1.tgz#4b1415304cf50028ea81643643bd82ea05803689"

commander@^2.8.1:
  version "2.16.0"
  resolved "https://registry.yarnpkg.com/commander/-/commander-2.16.0.tgz#f16390593996ceb4f3eeb020b31d78528f7f8a50"

commondir@^1.0.1:
  version "1.0.1"
  resolved "https://registry.yarnpkg.com/commondir/-/commondir-1.0.1.tgz#ddd800da0c66127393cca5950ea968a3aaf1253b"

convert-source-map@^1.1.0:
  version "1.5.1"
  resolved "https://registry.yarnpkg.com/convert-source-map/-/convert-source-map-1.5.1.tgz#b8278097b9bc229365de5c62cf5fcaed8b5599e5"

core-js@^2.5.7:
  version "2.5.7"
  resolved "https://registry.yarnpkg.com/core-js/-/core-js-2.5.7.tgz#f972608ff0cead68b841a16a932d0b183791814e"

debug@^3.1.0:
  version "3.1.0"
  resolved "https://registry.yarnpkg.com/debug/-/debug-3.1.0.tgz#5bb5a0672628b64149566ba16819e61518c67261"
  dependencies:
    ms "2.0.0"

electron-to-chromium@^1.3.47:
  version "1.3.52"
  resolved "https://registry.yarnpkg.com/electron-to-chromium/-/electron-to-chromium-1.3.52.tgz#d2d9f1270ba4a3b967b831c40ef71fb4d9ab5ce0"

escape-string-regexp@^1.0.5:
  version "1.0.5"
  resolved "https://registry.yarnpkg.com/escape-string-regexp/-/escape-string-regexp-1.0.5.tgz#1b61c0562190a8dff6ae3bb2cf0200ca130b86d4"

esutils@^2.0.2:
  version "2.0.2"
  resolved "https://registry.yarnpkg.com/esutils/-/esutils-2.0.2.tgz#0abf4f1caa5bcb1f7a9d8acc6dea4faaa04bac9b"

find-cache-dir@^1.0.0:
  version "1.0.0"
  resolved "https://registry.yarnpkg.com/find-cache-dir/-/find-cache-dir-1.0.0.tgz#9288e3e9e3cc3748717d39eade17cf71fc30ee6f"
  dependencies:
    commondir "^1.0.1"
    make-dir "^1.0.0"
    pkg-dir "^2.0.0"

find-up@^2.1.0:
  version "2.1.0"
  resolved "https://registry.yarnpkg.com/find-up/-/find-up-2.1.0.tgz#45d1b7e506c717ddd482775a2b77920a3c0c57a7"
  dependencies:
    locate-path "^2.0.0"

fs-readdir-recursive@^1.0.0:
  version "1.1.0"
  resolved "https://registry.yarnpkg.com/fs-readdir-recursive/-/fs-readdir-recursive-1.1.0.tgz#e32fc030a2ccee44a6b5371308da54be0b397d27"

globals@^11.1.0:
  version "11.7.0"
  resolved "https://registry.yarnpkg.com/globals/-/globals-11.7.0.tgz#a583faa43055b1aca771914bf68258e2fc125673"

graceful-fs@^4.1.11:
  version "4.1.11"
  resolved "https://registry.yarnpkg.com/graceful-fs/-/graceful-fs-4.1.11.tgz#0e8bdfe4d1ddb8854d64e04ea7c00e2a026e5658"

has-flag@^3.0.0:
  version "3.0.0"
  resolved "https://registry.yarnpkg.com/has-flag/-/has-flag-3.0.0.tgz#b5d454dc2199ae225699f3467e5a07f3b955bafd"

home-or-tmp@^3.0.0:
  version "3.0.0"
  resolved "https://registry.yarnpkg.com/home-or-tmp/-/home-or-tmp-3.0.0.tgz#57a8fe24cf33cdd524860a15821ddc25c86671fb"

homedir-polyfill@^1.0.1:
  version "1.0.1"
  resolved "https://registry.yarnpkg.com/homedir-polyfill/-/homedir-polyfill-1.0.1.tgz#4c2bbc8a758998feebf5ed68580f76d46768b4bc"
  dependencies:
    parse-passwd "^1.0.0"

invariant@^2.2.2:
  version "2.2.4"
  resolved "https://registry.yarnpkg.com/invariant/-/invariant-2.2.4.tgz#610f3c92c9359ce1db616e538008d23ff35158e6"
  dependencies:
    loose-envify "^1.0.0"

is-plain-obj@^1.1.0:
  version "1.1.0"
  resolved "https://registry.yarnpkg.com/is-plain-obj/-/is-plain-obj-1.1.0.tgz#71a50c8429dfca773c92a390a4a03b39fcd51d3e"

js-levenshtein@^1.1.3:
  version "1.1.3"
  resolved "https://registry.yarnpkg.com/js-levenshtein/-/js-levenshtein-1.1.3.tgz#3ef627df48ec8cf24bacf05c0f184ff30ef413c5"

js-tokens@^3.0.0:
  version "3.0.2"
  resolved "https://registry.yarnpkg.com/js-tokens/-/js-tokens-3.0.2.tgz#9866df395102130e38f7f996bceb65443209c25b"

"js-tokens@^3.0.0 || ^4.0.0":
  version "4.0.0"
  resolved "https://registry.yarnpkg.com/js-tokens/-/js-tokens-4.0.0.tgz#19203fb59991df98e3a287050d4647cdeaf32499"

jsesc@^2.5.1:
  version "2.5.1"
  resolved "https://registry.yarnpkg.com/jsesc/-/jsesc-2.5.1.tgz#e421a2a8e20d6b0819df28908f782526b96dd1fe"

jsesc@~0.5.0:
  version "0.5.0"
  resolved "https://registry.yarnpkg.com/jsesc/-/jsesc-0.5.0.tgz#e7dee66e35d6fc16f710fe91d5cf69f70f08911d"

json5@^0.5.0:
  version "0.5.1"
  resolved "https://registry.yarnpkg.com/json5/-/json5-0.5.1.tgz#1eade7acc012034ad84e2396767ead9fa5495821"

locate-path@^2.0.0:
  version "2.0.0"
  resolved "https://registry.yarnpkg.com/locate-path/-/locate-path-2.0.0.tgz#2b568b265eec944c6d9c0de9c3dbbbca0354cd8e"
  dependencies:
    p-locate "^2.0.0"
    path-exists "^3.0.0"

lodash.noop@^3.0.1:
  version "3.0.1"
  resolved "https://registry.yarnpkg.com/lodash.noop/-/lodash.noop-3.0.1.tgz#38188f4d650a3a474258439b96ec45b32617133c"

lodash@^4.17.10:
  version "4.17.10"
  resolved "https://registry.yarnpkg.com/lodash/-/lodash-4.17.10.tgz#1b7793cf7259ea38fb3661d4d38b3260af8ae4e7"

loose-envify@^1.0.0:
  version "1.4.0"
  resolved "https://registry.yarnpkg.com/loose-envify/-/loose-envify-1.4.0.tgz#71ee51fa7be4caec1a63839f7e682d8132d30caf"
  dependencies:
    js-tokens "^3.0.0 || ^4.0.0"

make-dir@^1.0.0:
  version "1.3.0"
  resolved "https://registry.yarnpkg.com/make-dir/-/make-dir-1.3.0.tgz#79c1033b80515bd6d24ec9933e860ca75ee27f0c"
  dependencies:
    pify "^3.0.0"

minimist@0.0.8:
  version "0.0.8"
  resolved "https://registry.yarnpkg.com/minimist/-/minimist-0.0.8.tgz#857fcabfc3397d2625b8228262e86aa7a011b05d"

mkdirp@^0.5.1:
  version "0.5.1"
  resolved "https://registry.yarnpkg.com/mkdirp/-/mkdirp-0.5.1.tgz#30057438eac6cf7f8c4767f38648d6697d75c903"
  dependencies:
    minimist "0.0.8"

ms@2.0.0:
  version "2.0.0"
  resolved "https://registry.yarnpkg.com/ms/-/ms-2.0.0.tgz#5608aeadfc00be6c2901df5f9861788de0d597c8"

node-modules-regexp@^1.0.0:
  version "1.0.0"
  resolved "https://registry.yarnpkg.com/node-modules-regexp/-/node-modules-regexp-1.0.0.tgz#8d9dbe28964a4ac5712e9131642107c71e90ec40"

output-file-sync@^2.0.0:
  version "2.0.1"
  resolved "https://registry.yarnpkg.com/output-file-sync/-/output-file-sync-2.0.1.tgz#f53118282f5f553c2799541792b723a4c71430c0"
  dependencies:
    graceful-fs "^4.1.11"
    is-plain-obj "^1.1.0"
    mkdirp "^0.5.1"

p-limit@^1.1.0:
  version "1.3.0"
  resolved "https://registry.yarnpkg.com/p-limit/-/p-limit-1.3.0.tgz#b86bd5f0c25690911c7590fcbfc2010d54b3ccb8"
  dependencies:
    p-try "^1.0.0"

p-locate@^2.0.0:
  version "2.0.0"
  resolved "https://registry.yarnpkg.com/p-locate/-/p-locate-2.0.0.tgz#20a0103b222a70c8fd39cc2e580680f3dde5ec43"
  dependencies:
    p-limit "^1.1.0"

p-try@^1.0.0:
  version "1.0.0"
  resolved "https://registry.yarnpkg.com/p-try/-/p-try-1.0.0.tgz#cbc79cdbaf8fd4228e13f621f2b1a237c1b207b3"

parse-passwd@^1.0.0:
  version "1.0.0"
  resolved "https://registry.yarnpkg.com/parse-passwd/-/parse-passwd-1.0.0.tgz#6d5b934a456993b23d37f40a382d6f1666a8e5c6"

path-exists@^3.0.0:
  version "3.0.0"
  resolved "https://registry.yarnpkg.com/path-exists/-/path-exists-3.0.0.tgz#ce0ebeaa5f78cb18925ea7d810d7b59b010fd515"

path-parse@^1.0.5:
  version "1.0.5"
  resolved "https://registry.yarnpkg.com/path-parse/-/path-parse-1.0.5.tgz#3c1adf871ea9cd6c9431b6ea2bd74a0ff055c4c1"

pify@^3.0.0:
  version "3.0.0"
  resolved "https://registry.yarnpkg.com/pify/-/pify-3.0.0.tgz#e5a4acd2c101fdf3d9a4d07f0dbc4db49dd28176"

pirates@^4.0.0:
  version "4.0.0"
  resolved "https://registry.yarnpkg.com/pirates/-/pirates-4.0.0.tgz#850b18781b4ac6ec58a43c9ed9ec5fe6796addbd"
  dependencies:
    node-modules-regexp "^1.0.0"

pkg-dir@^2.0.0:
  version "2.0.0"
  resolved "https://registry.yarnpkg.com/pkg-dir/-/pkg-dir-2.0.0.tgz#f6d5d1109e19d63edf428e0bd57e12777615334b"
  dependencies:
    find-up "^2.1.0"

private@^0.1.6:
  version "0.1.8"
  resolved "https://registry.yarnpkg.com/private/-/private-0.1.8.tgz#2381edb3689f7a53d653190060fcf822d2f368ff"

regenerate-unicode-properties@^7.0.0:
  version "7.0.0"
  resolved "https://registry.yarnpkg.com/regenerate-unicode-properties/-/regenerate-unicode-properties-7.0.0.tgz#107405afcc4a190ec5ed450ecaa00ed0cafa7a4c"
  dependencies:
    regenerate "^1.4.0"

regenerate@^1.4.0:
  version "1.4.0"
  resolved "https://registry.yarnpkg.com/regenerate/-/regenerate-1.4.0.tgz#4a856ec4b56e4077c557589cae85e7a4c8869a11"

regenerator-runtime@^0.11.1:
  version "0.11.1"
  resolved "https://registry.yarnpkg.com/regenerator-runtime/-/regenerator-runtime-0.11.1.tgz#be05ad7f9bf7d22e056f9726cee5017fbf19e2e9"

regenerator-transform@^0.13.3:
  version "0.13.3"
  resolved "https://registry.yarnpkg.com/regenerator-transform/-/regenerator-transform-0.13.3.tgz#264bd9ff38a8ce24b06e0636496b2c856b57bcbb"
  dependencies:
    private "^0.1.6"

regexpu-core@^4.1.3, regexpu-core@^4.2.0:
  version "4.2.0"
  resolved "https://registry.yarnpkg.com/regexpu-core/-/regexpu-core-4.2.0.tgz#a3744fa03806cffe146dea4421a3e73bdcc47b1d"
  dependencies:
    regenerate "^1.4.0"
    regenerate-unicode-properties "^7.0.0"
    regjsgen "^0.4.0"
    regjsparser "^0.3.0"
    unicode-match-property-ecmascript "^1.0.4"
    unicode-match-property-value-ecmascript "^1.0.2"

regjsgen@^0.4.0:
  version "0.4.0"
  resolved "https://registry.yarnpkg.com/regjsgen/-/regjsgen-0.4.0.tgz#c1eb4c89a209263f8717c782591523913ede2561"

regjsparser@^0.3.0:
  version "0.3.0"
  resolved "https://registry.yarnpkg.com/regjsparser/-/regjsparser-0.3.0.tgz#3c326da7fcfd69fa0d332575a41c8c0cdf588c96"
  dependencies:
    jsesc "~0.5.0"

resolve@^1.3.2:
  version "1.8.1"
  resolved "https://registry.yarnpkg.com/resolve/-/resolve-1.8.1.tgz#82f1ec19a423ac1fbd080b0bab06ba36e84a7a26"
  dependencies:
    path-parse "^1.0.5"

semver@^5.3.0, semver@^5.4.1:
  version "5.5.0"
  resolved "https://registry.yarnpkg.com/semver/-/semver-5.5.0.tgz#dc4bbc7a6ca9d916dee5d43516f0092b58f7b8ab"

source-map-support@^0.4.2:
  version "0.4.18"
  resolved "https://registry.yarnpkg.com/source-map-support/-/source-map-support-0.4.18.tgz#0286a6de8be42641338594e97ccea75f0a2c585f"
  dependencies:
    source-map "^0.5.6"

source-map@^0.5.0, source-map@^0.5.6:
  version "0.5.7"
  resolved "https://registry.yarnpkg.com/source-map/-/source-map-0.5.7.tgz#8a039d2d1021d22d1ea14c80d8ea468ba2ef3fcc"

supports-color@^5.3.0:
  version "5.4.0"
  resolved "https://registry.yarnpkg.com/supports-color/-/supports-color-5.4.0.tgz#1c6b337402c2137605efe19f10fec390f6faab54"
  dependencies:
    has-flag "^3.0.0"

to-fast-properties@^2.0.0:
  version "2.0.0"
  resolved "https://registry.yarnpkg.com/to-fast-properties/-/to-fast-properties-2.0.0.tgz#dc5e698cbd079265bc73e0377681a4e4e83f616e"

trim-right@^1.0.1:
  version "1.0.1"
  resolved "https://registry.yarnpkg.com/trim-right/-/trim-right-1.0.1.tgz#cb2e1203067e0c8de1f614094b9fe45704ea6003"

unicode-canonical-property-names-ecmascript@^1.0.4:
  version "1.0.4"
  resolved "https://registry.yarnpkg.com/unicode-canonical-property-names-ecmascript/-/unicode-canonical-property-names-ecmascript-1.0.4.tgz#2619800c4c825800efdd8343af7dd9933cbe2818"

unicode-match-property-ecmascript@^1.0.4:
  version "1.0.4"
  resolved "https://registry.yarnpkg.com/unicode-match-property-ecmascript/-/unicode-match-property-ecmascript-1.0.4.tgz#8ed2a32569961bce9227d09cd3ffbb8fed5f020c"
  dependencies:
    unicode-canonical-property-names-ecmascript "^1.0.4"
    unicode-property-aliases-ecmascript "^1.0.4"

unicode-match-property-value-ecmascript@^1.0.2:
  version "1.0.2"
  resolved "https://registry.yarnpkg.com/unicode-match-property-value-ecmascript/-/unicode-match-property-value-ecmascript-1.0.2.tgz#9f1dc76926d6ccf452310564fd834ace059663d4"

unicode-property-aliases-ecmascript@^1.0.4:
  version "1.0.4"
  resolved "https://registry.yarnpkg.com/unicode-property-aliases-ecmascript/-/unicode-property-aliases-ecmascript-1.0.4.tgz#5a533f31b4317ea76f17d807fa0d116546111dd0"

v8flags@^3.1.1:
  version "3.1.1"
  resolved "https://registry.yarnpkg.com/v8flags/-/v8flags-3.1.1.tgz#42259a1461c08397e37fe1d4f1cfb59cad85a053"
  dependencies:
    homedir-polyfill "^1.0.1"
